PODS:
  - Faro (1.0.9)
  - Nimble (6.0.1)
  - OCMock (3.4)
  - Quick (1.1.0)

DEPENDENCIES:
  - Faro
  - Nimble
  - OCMock (~> 3.4)
  - Quick

SPEC CHECKSUMS:
  Faro: 62a1fedc46cee416e4eb9dddaff7fd4ed071834a
  Nimble: 1527fd1bd2b4cf0636251a36bc8ab37e81da8347
  OCMock: 35ae71d6a8fcc1b59434d561d1520b9dd4f15765
  Quick: dafc587e21eed9f4cab3249b9f9015b0b7a7f71d

PODFILE CHECKSUM: fb0704cf267a1938d650357e45c1f2c853277bb9

COCOAPODS: 1.2.0
