// !$*UTF8*$!
{
	archiveVersion = 1;
	classes = {
	};
	objectVersion = 46;
	objects = {

/* Begin PBXBuildFile section */
		6D79B8DC1E81564B00796555 /* main.m in Sources */ = {isa = PBXBuildFile; fileRef = 6D79B8DB1E81564B00796555 /* main.m */; };
		6D79B8DF1E81564B00796555 /* AppDelegate.m in Sources */ = {isa = PBXBuildFile; fileRef = 6D79B8DE1E81564B00796555 /* AppDelegate.m */; };
		6D79B8E21E81564B00796555 /* ViewController.m in Sources */ = {isa = PBXBuildFile; fileRef = 6D79B8E11E81564B00796555 /* ViewController.m */; };
		6D79B8E51E81564B00796555 /* Main.storyboard in Resources */ = {isa = PBXBuildFile; fileRef = 6D79B8E31E81564B00796555 /* Main.storyboard */; };
		6D79B8E71E81564B00796555 /* Assets.xcassets in Resources */ = {isa = PBXBuildFile; fileRef = 6D79B8E61E81564B00796555 /* Assets.xcassets */; };
		6D79B8EA1E81564B00796555 /* LaunchScreen.storyboard in Resources */ = {isa = PBXBuildFile; fileRef = 6D79B8E81E81564B00796555 /* LaunchScreen.storyboard */; };
		6D79B8F51E81564C00796555 /* Lesson1Tests.m in Sources */ = {isa = PBXBuildFile; fileRef = 6D79B8F41E81564C00796555 /* Lesson1Tests.m */; };
		6D79B9001E81564C00796555 /* Lesson1UITests.m in Sources */ = {isa = PBXBuildFile; fileRef = 6D79B8FF1E81564C00796555 /* Lesson1UITests.m */; };
/* End PBXBuildFile section */

/* Begin PBXContainerItemProxy section */
		6D79B8F11E81564C00796555 /* PBXContainerItemProxy */ = {
			isa = PBXContainerItemProxy;
			containerPortal = 6D79B8CF1E81564B00796555 /* Project object */;
			proxyType = 1;
			remoteGlobalIDString = 6D79B8D61E81564B00796555;
			remoteInfo = Lesson1;
		};
		6D79B8FC1E81564C00796555 /* PBXContainerItemProxy */ = {
			isa = PBXContainerItemProxy;
			containerPortal = 6D79B8CF1E81564B00796555 /* Project object */;
			proxyType = 1;
			remoteGlobalIDString = 6D79B8D61E81564B00796555;
			remoteInfo = Lesson1;
		};
/* End PBXContainerItemProxy section */

/* Begin PBXFileReference section */
		6D79B8D71E81564B00796555 /* Lesson1.app */ = {isa = PBXFileReference; explicitFileType = wrapper.application; includeInIndex = 0; path = Lesson1.app; sourceTree = BUILT_PRODUCTS_DIR; };
		6D79B8DB1E81564B00796555 /* main.m */ = {isa = PBXFileReference; lastKnownFileType = sourcecode.c.objc; path = main.m; sourceTree = "<group>"; };
		6D79B8DD1E81564B00796555 /* AppDelegate.h */ = {isa = PBXFileReference; lastKnownFileType = sourcecode.c.h; path = AppDelegate.h; sourceTree = "<group>"; };
		6D79B8DE1E81564B00796555 /* AppDelegate.m */ = {isa = PBXFileReference; lastKnownFileType = sourcecode.c.objc; path = AppDelegate.m; sourceTree = "<group>"; };
		6D79B8E01E81564B00796555 /* ViewController.h */ = {isa = PBXFileReference; lastKnownFileType = sourcecode.c.h; path = ViewController.h; sourceTree = "<group>"; };
		6D79B8E11E81564B00796555 /* ViewController.m */ = {isa = PBXFileReference; lastKnownFileType = sourcecode.c.objc; path = ViewController.m; sourceTree = "<group>"; };
		6D79B8E41E81564B00796555 /* Base */ = {isa = PBXFileReference; lastKnownFileType = file.storyboard; name = Base; path = Base.lproj/Main.storyboard; sourceTree = "<group>"; };
		6D79B8E61E81564B00796555 /* Assets.xcassets */ = {isa = PBXFileReference; lastKnownFileType = folder.assetcatalog; path = Assets.xcassets; sourceTree = "<group>"; };
		6D79B8E91E81564B00796555 /* Base */ = {isa = PBXFileReference; lastKnownFileType = file.storyboard; name = Base; path = Base.lproj/LaunchScreen.storyboard; sourceTree = "<group>"; };
		6D79B8EB1E81564B00796555 /* Info.plist */ = {isa = PBXFileReference; lastKnownFileType = text.plist.xml; path = Info.plist; sourceTree = "<group>"; };
		6D79B8F01E81564C00796555 /* Lesson1Tests.xctest */ = {isa = PBXFileReference; explicitFileType = wrapper.cfbundle; includeInIndex = 0; path = Lesson1Tests.xctest; sourceTree = BUILT_PRODUCTS_DIR; };
		6D79B8F41E81564C00796555 /* Lesson1Tests.m */ = {isa = PBXFileReference; lastKnownFileType = sourcecode.c.objc; path = Lesson1Tests.m; sourceTree = "<group>"; };
		6D79B8F61E81564C00796555 /* Info.plist */ = {isa = PBXFileReference; lastKnownFileType = text.plist.xml; path = Info.plist; sourceTree = "<group>"; };
		6D79B8FB1E81564C00796555 /* Lesson1UITests.xctest */ = {isa = PBXFileReference; explicitFileType = wrapper.cfbundle; includeInIndex = 0; path = Lesson1UITests.xctest; sourceTree = BUILT_PRODUCTS_DIR; };
		6D79B8FF1E81564C00796555 /* Lesson1UITests.m */ = {isa = PBXFileReference; lastKnownFileType = sourcecode.c.objc; path = Lesson1UITests.m; sourceTree = "<group>"; };
		6D79B9011E81564C00796555 /* Info.plist */ = {isa = PBXFileReference; lastKnownFileType = text.plist.xml; path = Info.plist; sourceTree = "<group>"; };
/* End PBXFileReference section */

/* Begin PBXFrameworksBuildPhase section */
		6D79B8D41E81564B00796555 /* Frameworks */ = {
			isa = PBXFrameworksBuildPhase;
			buildActionMask = 2147483647;
			files = (
			);
			runOnlyForDeploymentPostprocessing = 0;
		};
		6D79B8ED1E81564C00796555 /* Frameworks */ = {
			isa = PBXFrameworksBuildPhase;
			buildActionMask = 2147483647;
			files = (
			);
			runOnlyForDeploymentPostprocessing = 0;
		};
		6D79B8F81E81564C00796555 /* Frameworks */ = {
			isa = PBXFrameworksBuildPhase;
			buildActionMask = 2147483647;
			files = (
			);
			runOnlyForDeploymentPostprocessing = 0;
		};
/* End PBXFrameworksBuildPhase section */

/* Begin PBXGroup section */
		6D79B8CE1E81564B00796555 = {
			isa = PBXGroup;
			children = (
				6D79B8D91E81564B00796555 /* Lesson1 */,
				6D79B8F31E81564C00796555 /* Lesson1Tests */,
				6D79B8FE1E81564C00796555 /* Lesson1UITests */,
				6D79B8D81E81564B00796555 /* Products */,
			);
			sourceTree = "<group>";
		};
		6D79B8D81E81564B00796555 /* Products */ = {
			isa = PBXGroup;
			children = (
				6D79B8D71E81564B00796555 /* Lesson1.app */,
				6D79B8F01E81564C00796555 /* Lesson1Tests.xctest */,
				6D79B8FB1E81564C00796555 /* Lesson1UITests.xctest */,
			);
			name = Products;
			sourceTree = "<group>";
		};
		6D79B8D91E81564B00796555 /* Lesson1 */ = {
			isa = PBXGroup;
			children = (
				6D79B8DD1E81564B00796555 /* AppDelegate.h */,
				6D79B8DE1E81564B00796555 /* AppDelegate.m */,
				6D79B8E01E81564B00796555 /* ViewController.h */,
				6D79B8E11E81564B00796555 /* ViewController.m */,
				6D79B8E31E81564B00796555 /* Main.storyboard */,
				6D79B8E61E81564B00796555 /* Assets.xcassets */,
				6D79B8E81E81564B00796555 /* LaunchScreen.storyboard */,
				6D79B8EB1E81564B00796555 /* Info.plist */,
				6D79B8DA1E81564B00796555 /* Supporting Files */,
			);
			path = Lesson1;
			sourceTree = "<group>";
		};
		6D79B8DA1E81564B00796555 /* Supporting Files */ = {
			isa = PBXGroup;
			children = (
				6D79B8DB1E81564B00796555 /* main.m */,
			);
			name = "Supporting Files";
			sourceTree = "<group>";
		};
		6D79B8F31E81564C00796555 /* Lesson1Tests */ = {
			isa = PBXGroup;
			children = (
				6D79B8F41E81564C00796555 /* Lesson1Tests.m */,
				6D79B8F61E81564C00796555 /* Info.plist */,
			);
			path = Lesson1Tests;
			sourceTree = "<group>";
		};
		6D79B8FE1E81564C00796555 /* Lesson1UITests */ = {
			isa = PBXGroup;
			children = (
				6D79B8FF1E81564C00796555 /* Lesson1UITests.m */,
				6D79B9011E81564C00796555 /* Info.plist */,
			);
			path = Lesson1UITests;
			sourceTree = "<group>";
		};
/* End PBXGroup section */

/* Begin PBXNativeTarget section */
		6D79B8D61E81564B00796555 /* Lesson1 */ = {
			isa = PBXNativeTarget;
			buildConfigurationList = 6D79B9041E81564C00796555 /* Build configuration list for PBXNativeTarget "Lesson1" */;
			buildPhases = (
				6D79B8D31E81564B00796555 /* Sources */,
				6D79B8D41E81564B00796555 /* Frameworks */,
				6D79B8D51E81564B00796555 /* Resources */,
			);
			buildRules = (
			);
			dependencies = (
			);
			name = Lesson1;
			productName = Lesson1;
			productReference = 6D79B8D71E81564B00796555 /* Lesson1.app */;
			productType = "com.apple.product-type.application";
		};
		6D79B8EF1E81564C00796555 /* Lesson1Tests */ = {
			isa = PBXNativeTarget;
			buildConfigurationList = 6D79B9071E81564C00796555 /* Build configuration list for PBXNativeTarget "Lesson1Tests" */;
			buildPhases = (
				6D79B8EC1E81564C00796555 /* Sources */,
				6D79B8ED1E81564C00796555 /* Frameworks */,
				6D79B8EE1E81564C00796555 /* Resources */,
			);
			buildRules = (
			);
			dependencies = (
				6D79B8F21E81564C00796555 /* PBXTargetDependency */,
			);
			name = Lesson1Tests;
			productName = Lesson1Tests;
			productReference = 6D79B8F01E81564C00796555 /* Lesson1Tests.xctest */;
			productType = "com.apple.product-type.bundle.unit-test";
		};
		6D79B8FA1E81564C00796555 /* Lesson1UITests */ = {
			isa = PBXNativeTarget;
			buildConfigurationList = 6D79B90A1E81564C00796555 /* Build configuration list for PBXNativeTarget "Lesson1UITests" */;
			buildPhases = (
				6D79B8F71E81564C00796555 /* Sources */,
				6D79B8F81E81564C00796555 /* Frameworks */,
				6D79B8F91E81564C00796555 /* Resources */,
			);
			buildRules = (
			);
			dependencies = (
				6D79B8FD1E81564C00796555 /* PBXTargetDependency */,
			);
			name = Lesson1UITests;
			productName = Lesson1UITests;
			productReference = 6D79B8FB1E81564C00796555 /* Lesson1UITests.xctest */;
			productType = "com.apple.product-type.bundle.ui-testing";
		};
/* End PBXNativeTarget section */

/* Begin PBXProject section */
		6D79B8CF1E81564B00796555 /* Project object */ = {
			isa = PBXProject;
			attributes = {
				LastUpgradeCheck = 0820;
				ORGANIZATIONNAME = "Stefan Adams";
				TargetAttributes = {
					6D79B8D61E81564B00796555 = {
						CreatedOnToolsVersion = 8.2.1;
						DevelopmentTeam = Y698KDFKVQ;
						ProvisioningStyle = Automatic;
					};
					6D79B8EF1E81564C00796555 = {
						CreatedOnToolsVersion = 8.2.1;
						DevelopmentTeam = Y698KDFKVQ;
						ProvisioningStyle = Automatic;
						TestTargetID = 6D79B8D61E81564B00796555;
					};
					6D79B8FA1E81564C00796555 = {
						CreatedOnToolsVersion = 8.2.1;
						DevelopmentTeam = Y698KDFKVQ;
						ProvisioningStyle = Automatic;
						TestTargetID = 6D79B8D61E81564B00796555;
					};
				};
			};
			buildConfigurationList = 6D79B8D21E81564B00796555 /* Build configuration list for PBXProject "Lesson1" */;
			compatibilityVersion = "Xcode 3.2";
			developmentRegion = English;
			hasScannedForEncodings = 0;
			knownRegions = (
				en,
				Base,
			);
			mainGroup = 6D79B8CE1E81564B00796555;
			productRefGroup = 6D79B8D81E81564B00796555 /* Products */;
			projectDirPath = "";
			projectRoot = "";
			targets = (
				6D79B8D61E81564B00796555 /* Lesson1 */,
				6D79B8EF1E81564C00796555 /* Lesson1Tests */,
				6D79B8FA1E81564C00796555 /* Lesson1UITests */,
			);
		};
/* End PBXProject section */

/* Begin PBXResourcesBuildPhase section */
		6D79B8D51E81564B00796555 /* Resources */ = {
			isa = PBXResourcesBuildPhase;
			buildActionMask = 2147483647;
			files = (
				6D79B8EA1E81564B00796555 /* LaunchScreen.storyboard in Resources */,
				6D79B8E71E81564B00796555 /* Assets.xcassets in Resources */,
				6D79B8E51E81564B00796555 /* Main.storyboard in Resources */,
			);
			runOnlyForDeploymentPostprocessing = 0;
		};
		6D79B8EE1E81564C00796555 /* Resources */ = {
			isa = PBXResourcesBuildPhase;
			buildActionMask = 2147483647;
			files = (
			);
			runOnlyForDeploymentPostprocessing = 0;
		};
		6D79B8F91E81564C00796555 /* Resources */ = {
			isa = PBXResourcesBuildPhase;
			buildActionMask = 2147483647;
			files = (
			);
			runOnlyForDeploymentPostprocessing = 0;
		};
/* End PBXResourcesBuildPhase section */

/* Begin PBXSourcesBuildPhase section */
		6D79B8D31E81564B00796555 /* Sources */ = {
			isa = PBXSourcesBuildPhase;
			buildActionMask = 2147483647;
			files = (
				6D79B8E21E81564B00796555 /* ViewController.m in Sources */,
				6D79B8DF1E81564B00796555 /* AppDelegate.m in Sources */,
				6D79B8DC1E81564B00796555 /* main.m in Sources */,
			);
			runOnlyForDeploymentPostprocessing = 0;
		};
		6D79B8EC1E81564C00796555 /* Sources */ = {
			isa = PBXSourcesBuildPhase;
			buildActionMask = 2147483647;
			files = (
				6D79B8F51E81564C00796555 /* Lesson1Tests.m in Sources */,
			);
			runOnlyForDeploymentPostprocessing = 0;
		};
		6D79B8F71E81564C00796555 /* Sources */ = {
			isa = PBXSourcesBuildPhase;
			buildActionMask = 2147483647;
			files = (
				6D79B9001E81564C00796555 /* Lesson1UITests.m in Sources */,
			);
			runOnlyForDeploymentPostprocessing = 0;
		};
/* End PBXSourcesBuildPhase section */

/* Begin PBXTargetDependency section */
		6D79B8F21E81564C00796555 /* PBXTargetDependency */ = {
			isa = PBXTargetDependency;
			target = 6D79B8D61E81564B00796555 /* Lesson1 */;
			targetProxy = 6D79B8F11E81564C00796555 /* PBXContainerItemProxy */;
		};
		6D79B8FD1E81564C00796555 /* PBXTargetDependency */ = {
			isa = PBXTargetDependency;
			target = 6D79B8D61E81564B00796555 /* Lesson1 */;
			targetProxy = 6D79B8FC1E81564C00796555 /* PBXContainerItemProxy */;
		};
/* End PBXTargetDependency section */

/* Begin PBXVariantGroup section */
		6D79B8E31E81564B00796555 /* Main.storyboard */ = {
			isa = PBXVariantGroup;
			children = (
				6D79B8E41E81564B00796555 /* Base */,
			);
			name = Main.storyboard;
			sourceTree = "<group>";
		};
		6D79B8E81E81564B00796555 /* LaunchScreen.storyboard */ = {
			isa = PBXVariantGroup;
			children = (
				6D79B8E91E81564B00796555 /* Base */,
			);
			name = LaunchScreen.storyboard;
			sourceTree = "<group>";
		};
/* End PBXVariantGroup section */

/* Begin XCBuildConfiguration section */
		6D79B9021E81564C00796555 /* Debug */ = {
			isa = XCBuildConfiguration;
			buildSettings = {
				ALWAYS_SEARCH_USER_PATHS = NO;
				CLANG_ANALYZER_NONNULL = YES;
				CLANG_CXX_LANGUAGE_STANDARD = "gnu++0x";
				CLANG_CXX_LIBRARY = "libc++";
				CLANG_ENABLE_MODULES = YES;
				CLANG_ENABLE_OBJC_ARC = YES;
				CLANG_WARN_BOOL_CONVERSION = YES;
				CLANG_WARN_CONSTANT_CONVERSION = YES;
				CLANG_WARN_DIRECT_OBJC_ISA_USAGE = YES_ERROR;
				CLANG_WARN_DOCUMENTATION_COMMENTS = YES;
				CLANG_WARN_EMPTY_BODY = YES;
				CLANG_WARN_ENUM_CONVERSION = YES;
				CLANG_WARN_INFINITE_RECURSION = YES;
				CLANG_WARN_INT_CONVERSION = YES;
				CLANG_WARN_OBJC_ROOT_CLASS = YES_ERROR;
				CLANG_WARN_SUSPICIOUS_MOVE = YES;
				CLANG_WARN_UNREACHABLE_CODE = YES;
				CLANG_WARN__DUPLICATE_METHOD_MATCH = YES;
				"CODE_SIGN_IDENTITY[sdk=iphoneos*]" = "iPhone Developer";
				COPY_PHASE_STRIP = NO;
				DEBUG_INFORMATION_FORMAT = dwarf;
				ENABLE_STRICT_OBJC_MSGSEND = YES;
				ENABLE_TESTABILITY = YES;
				GCC_C_LANGUAGE_STANDARD = gnu99;
				GCC_DYNAMIC_NO_PIC = NO;
				GCC_NO_COMMON_BLOCKS = YES;
				GCC_OPTIMIZATION_LEVEL = 0;
				GCC_PREPROCESSOR_DEFINITIONS = (
					"DEBUG=1",
					"$(inherited)",
				);
				GCC_WARN_64_TO_32_BIT_CONVERSION = YES;
				GCC_WARN_ABOUT_RETURN_TYPE = YES_ERROR;
				GCC_WARN_UNDECLARED_SELECTOR = YES;
				GCC_WARN_UNINITIALIZED_AUTOS = YES_AGGRESSIVE;
				GCC_WARN_UNUSED_FUNCTION = YES;
				GCC_WARN_UNUSED_VARIABLE = YES;
				IPHONEOS_DEPLOYMENT_TARGET = 10.2;
				MTL_ENABLE_DEBUG_INFO = YES;
				ONLY_ACTIVE_ARCH = YES;
				SDKROOT = iphoneos;
				TARGETED_DEVICE_FAMILY = "1,2";
			};
			name = Debug;
		};
		6D79B9031E81564C00796555 /* Release */ = {
			isa = XCBuildConfiguration;
			buildSettings = {
				ALWAYS_SEARCH_USER_PATHS = NO;
				CLANG_ANALYZER_NONNULL = YES;
				CLANG_CXX_LANGUAGE_STANDARD = "gnu++0x";
				CLANG_CXX_LIBRARY = "libc++";
				CLANG_ENABLE_MODULES = YES;
				CLANG_ENABLE_OBJC_ARC = YES;
				CLANG_WARN_BOOL_CONVERSION = YES;
				CLANG_WARN_CONSTANT_CONVERSION = YES;
				CLANG_WARN_DIRECT_OBJC_ISA_USAGE = YES_ERROR;
				CLANG_WARN_DOCUMENTATION_COMMENTS = YES;
				CLANG_WARN_EMPTY_BODY = YES;
				CLANG_WARN_ENUM_CONVERSION = YES;
				CLANG_WARN_INFINITE_RECURSION = YES;
				CLANG_WARN_INT_CONVERSION = YES;
				CLANG_WARN_OBJC_ROOT_CLASS = YES_ERROR;
				CLANG_WARN_SUSPICIOUS_MOVE = YES;
				CLANG_WARN_UNREACHABLE_CODE = YES;
				CLANG_WARN__DUPLICATE_METHOD_MATCH = YES;
				"CODE_SIGN_IDENTITY[sdk=iphoneos*]" = "iPhone Developer";
				COPY_PHASE_STRIP = NO;
				DEBUG_INFORMATION_FORMAT = "dwarf-with-dsym";
				ENABLE_NS_ASSERTIONS = NO;
				ENABLE_STRICT_OBJC_MSGSEND = YES;
				GCC_C_LANGUAGE_STANDARD = gnu99;
				GCC_NO_COMMON_BLOCKS = YES;
				GCC_WARN_64_TO_32_BIT_CONVERSION = YES;
				GCC_WARN_ABOUT_RETURN_TYPE = YES_ERROR;
				GCC_WARN_UNDECLARED_SELECTOR = YES;
				GCC_WARN_UNINITIALIZED_AUTOS = YES_AGGRESSIVE;
				GCC_WARN_UNUSED_FUNCTION = YES;
				GCC_WARN_UNUSED_VARIABLE = YES;
				IPHONEOS_DEPLOYMENT_TARGET = 10.2;
				MTL_ENABLE_DEBUG_INFO = NO;
				SDKROOT = iphoneos;
				TARGETED_DEVICE_FAMILY = "1,2";
				VALIDATE_PRODUCT = YES;
			};
			name = Release;
		};
		6D79B9051E81564C00796555 /* Debug */ = {
			isa = XCBuildConfiguration;
			buildSettings = {
				ASSETCATALOG_COMPILER_APPICON_NAME = AppIcon;
				DEVELOPMENT_TEAM = Y698KDFKVQ;
				INFOPLIST_FILE = Lesson1/Info.plist;
				LD_RUNPATH_SEARCH_PATHS = "$(inherited) @executable_path/Frameworks";
				PRODUCT_BUNDLE_IDENTIFIER = com.ASDevs.Lesson1;
				PRODUCT_NAME = "$(TARGET_NAME)";
			};
			name = Debug;
		};
		6D79B9061E81564C00796555 /* Release */ = {
			isa = XCBuildConfiguration;
			buildSettings = {
				ASSETCATALOG_COMPILER_APPICON_NAME = AppIcon;
				DEVELOPMENT_TEAM = Y698KDFKVQ;
				INFOPLIST_FILE = Lesson1/Info.plist;
				LD_RUNPATH_SEARCH_PATHS = "$(inherited) @executable_path/Frameworks";
				PRODUCT_BUNDLE_IDENTIFIER = com.ASDevs.Lesson1;
				PRODUCT_NAME = "$(TARGET_NAME)";
			};
			name = Release;
		};
		6D79B9081E81564C00796555 /* Debug */ = {
			isa = XCBuildConfiguration;
			buildSettings = {
				BUNDLE_LOADER = "$(TEST_HOST)";
				DEVELOPMENT_TEAM = Y698KDFKVQ;
				INFOPLIST_FILE = Lesson1Tests/Info.plist;
				LD_RUNPATH_SEARCH_PATHS = "$(inherited) @executable_path/Frameworks @loader_path/Frameworks";
				PRODUCT_BUNDLE_IDENTIFIER = com.ASDevs.Lesson1Tests;
				PRODUCT_NAME = "$(TARGET_NAME)";
				TEST_HOST = "$(BUILT_PRODUCTS_DIR)/Lesson1.app/Lesson1";
			};
			name = Debug;
		};
		6D79B9091E81564C00796555 /* Release */ = {
			isa = XCBuildConfiguration;
			buildSettings = {
				BUNDLE_LOADER = "$(TEST_HOST)";
				DEVELOPMENT_TEAM = Y698KDFKVQ;
				INFOPLIST_FILE = Lesson1Tests/Info.plist;
				LD_RUNPATH_SEARCH_PATHS = "$(inherited) @executable_path/Frameworks @loader_path/Frameworks";
				PRODUCT_BUNDLE_IDENTIFIER = com.ASDevs.Lesson1Tests;
				PRODUCT_NAME = "$(TARGET_NAME)";
				TEST_HOST = "$(BUILT_PRODUCTS_DIR)/Lesson1.app/Lesson1";
			};
			name = Release;
		};
		6D79B90B1E81564C00796555 /* Debug */ = {
			isa = XCBuildConfiguration;
			buildSettings = {
				DEVELOPMENT_TEAM = Y698KDFKVQ;
				INFOPLIST_FILE = Lesson1UITests/Info.plist;
				LD_RUNPATH_SEARCH_PATHS = "$(inherited) @executable_path/Frameworks @loader_path/Frameworks";
				PRODUCT_BUNDLE_IDENTIFIER = com.ASDevs.Lesson1UITests;
				PRODUCT_NAME = "$(TARGET_NAME)";
				TEST_TARGET_NAME = Lesson1;
			};
			name = Debug;
		};
		6D79B90C1E81564C00796555 /* Release */ = {
			isa = XCBuildConfiguration;
			buildSettings = {
				DEVELOPMENT_TEAM = Y698KDFKVQ;
				INFOPLIST_FILE = Lesson1UITests/Info.plist;
				LD_RUNPATH_SEARCH_PATHS = "$(inherited) @executable_path/Frameworks @loader_path/Frameworks";
				PRODUCT_BUNDLE_IDENTIFIER = com.ASDevs.Lesson1UITests;
				PRODUCT_NAME = "$(TARGET_NAME)";
				TEST_TARGET_NAME = Lesson1;
			};
			name = Release;
		};
/* End XCBuildConfiguration section */

/* Begin XCConfigurationList section */
		6D79B8D21E81564B00796555 /* Build configuration list for PBXProject "Lesson1" */ = {
			isa = XCConfigurationList;
			buildConfigurations = (
				6D79B9021E81564C00796555 /* Debug */,
				6D79B9031E81564C00796555 /* Release */,
			);
			defaultConfigurationIsVisible = 0;
			defaultConfigurationName = Release;
		};
		6D79B9041E81564C00796555 /* Build configuration list for PBXNativeTarget "Lesson1" */ = {
			isa = XCConfigurationList;
			buildConfigurations = (
				6D79B9051E81564C00796555 /* Debug */,
				6D79B9061E81564C00796555 /* Release */,
			);
			defaultConfigurationIsVisible = 0;
		};
		6D79B9071E81564C00796555 /* Build configuration list for PBXNativeTarget "Lesson1Tests" */ = {
			isa = XCConfigurationList;
			buildConfigurations = (
				6D79B9081E81564C00796555 /* Debug */,
				6D79B9091E81564C00796555 /* Release */,
			);
			defaultConfigurationIsVisible = 0;
		};
		6D79B90A1E81564C00796555 /* Build configuration list for PBXNativeTarget "Lesson1UITests" */ = {
			isa = XCConfigurationList;
			buildConfigurations = (
				6D79B90B1E81564C00796555 /* Debug */,
				6D79B90C1E81564C00796555 /* Release */,
			);
			defaultConfigurationIsVisible = 0;
		};
/* End XCConfigurationList section */
	};
	rootObject = 6D79B8CF1E81564B00796555 /* Project object */;
}
