// !$*UTF8*$!
{
	archiveVersion = 1;
	classes = {
	};
	objectVersion = 46;
	objects = {

/* Begin PBXBuildFile section */
		3D133DFF752D778A5C48DB89 /* Pods_Lesson1Tests.framework in Frameworks */ = {isa = PBXBuildFile; fileRef = C3EA0C7BAACA29366F9A2BA4 /* Pods_Lesson1Tests.framework */; };
		6D79B8DC1E81564B00796555 /* main.m in Sources */ = {isa = PBXBuildFile; fileRef = 6D79B8DB1E81564B00796555 /* main.m */; };
		6D79B8DF1E81564B00796555 /* AppDelegate.m in Sources */ = {isa = PBXBuildFile; fileRef = 6D79B8DE1E81564B00796555 /* AppDelegate.m */; };
		6D79B8E21E81564B00796555 /* ViewController.m in Sources */ = {isa = PBXBuildFile; fileRef = 6D79B8E11E81564B00796555 /* ViewController.m */; };
		6D79B8E51E81564B00796555 /* Main.storyboard in Resources */ = {isa = PBXBuildFile; fileRef = 6D79B8E31E81564B00796555 /* Main.storyboard */; };
		6D79B8E71E81564B00796555 /* Assets.xcassets in Resources */ = {isa = PBXBuildFile; fileRef = 6D79B8E61E81564B00796555 /* Assets.xcassets */; };
		6D79B8EA1E81564B00796555 /* LaunchScreen.storyboard in Resources */ = {isa = PBXBuildFile; fileRef = 6D79B8E81E81564B00796555 /* LaunchScreen.storyboard */; };
		6D79B8F51E81564C00796555 /* ViewModelSpec.m in Sources */ = {isa = PBXBuildFile; fileRef = 6D79B8F41E81564C00796555 /* ViewModelSpec.m */; };
		6D79B9171E815FBC00796555 /* ViewModel.m in Sources */ = {isa = PBXBuildFile; fileRef = 6D79B9161E815FBC00796555 /* ViewModel.m */; };
		8055F2ACA93C5023A2EBD0C0 /* Pods_Lesson1UITests.framework in Frameworks */ = {isa = PBXBuildFile; fileRef = 45110C30132701DFA37CD2BA /* Pods_Lesson1UITests.framework */; };
		AB92BCE4FF471A0C3D5B0268 /* Pods_Lesson1.framework in Frameworks */ = {isa = PBXBuildFile; fileRef = 1E8754483FBFED88132E3E64 /* Pods_Lesson1.framework */; };
/* End PBXBuildFile section */

/* Begin PBXContainerItemProxy section */
		6D79B8F11E81564C00796555 /* PBXContainerItemProxy */ = {
			isa = PBXContainerItemProxy;
			containerPortal = 6D79B8CF1E81564B00796555 /* Project object */;
			proxyType = 1;
			remoteGlobalIDString = 6D79B8D61E81564B00796555;
			remoteInfo = Lesson1;
		};
		6D79B8FC1E81564C00796555 /* PBXContainerItemProxy */ = {
			isa = PBXContainerItemProxy;
			containerPortal = 6D79B8CF1E81564B00796555 /* Project object */;
			proxyType = 1;
			remoteGlobalIDString = 6D79B8D61E81564B00796555;
			remoteInfo = Lesson1;
		};
/* End PBXContainerItemProxy section */

/* Begin PBXFileReference section */
		0A23842B687115E21956F94B /* Pods-Lesson1.debug.xcconfig */ = {isa = PBXFileReference; includeInIndex = 1; lastKnownFileType = text.xcconfig; name = "Pods-Lesson1.debug.xcconfig"; path = "Pods/Target Support Files/Pods-Lesson1/Pods-Lesson1.debug.xcconfig"; sourceTree = "<group>"; };
		1E8754483FBFED88132E3E64 /* Pods_Lesson1.framework */ = {isa = PBXFileReference; explicitFileType = wrapper.framework; includeInIndex = 0; path = Pods_Lesson1.framework; sourceTree = BUILT_PRODUCTS_DIR; };
		2EBDBEA2C86DFF1A056EF920 /* Pods-Lesson1UITests.release.xcconfig */ = {isa = PBXFileReference; includeInIndex = 1; lastKnownFileType = text.xcconfig; name = "Pods-Lesson1UITests.release.xcconfig"; path = "Pods/Target Support Files/Pods-Lesson1UITests/Pods-Lesson1UITests.release.xcconfig"; sourceTree = "<group>"; };
		45110C30132701DFA37CD2BA /* Pods_Lesson1UITests.framework */ = {isa = PBXFileReference; explicitFileType = wrapper.framework; includeInIndex = 0; path = Pods_Lesson1UITests.framework; sourceTree = BUILT_PRODUCTS_DIR; };
		4EC5354FD01EB939EB9341D8 /* Pods-Lesson1Tests.debug.xcconfig */ = {isa = PBXFileReference; includeInIndex = 1; lastKnownFileType = text.xcconfig; name = "Pods-Lesson1Tests.debug.xcconfig"; path = "Pods/Target Support Files/Pods-Lesson1Tests/Pods-Lesson1Tests.debug.xcconfig"; sourceTree = "<group>"; };
		597D6093EC17437DBCA3AAE9 /* Pods-Lesson1UITests.debug.xcconfig */ = {isa = PBXFileReference; includeInIndex = 1; lastKnownFileType = text.xcconfig; name = "Pods-Lesson1UITests.debug.xcconfig"; path = "Pods/Target Support Files/Pods-Lesson1UITests/Pods-Lesson1UITests.debug.xcconfig"; sourceTree = "<group>"; };
		6D79B8D71E81564B00796555 /* Lesson1.app */ = {isa = PBXFileReference; explicitFileType = wrapper.application; includeInIndex = 0; path = Lesson1.app; sourceTree = BUILT_PRODUCTS_DIR; };
		6D79B8DB1E81564B00796555 /* main.m */ = {isa = PBXFileReference; lastKnownFileType = sourcecode.c.objc; path = main.m; sourceTree = "<group>"; };
		6D79B8DD1E81564B00796555 /* AppDelegate.h */ = {isa = PBXFileReference; lastKnownFileType = sourcecode.c.h; path = AppDelegate.h; sourceTree = "<group>"; };
		6D79B8DE1E81564B00796555 /* AppDelegate.m */ = {isa = PBXFileReference; lastKnownFileType = sourcecode.c.objc; path = AppDelegate.m; sourceTree = "<group>"; };
		6D79B8E01E81564B00796555 /* ViewController.h */ = {isa = PBXFileReference; lastKnownFileType = sourcecode.c.h; path = ViewController.h; sourceTree = "<group>"; };
		6D79B8E11E81564B00796555 /* ViewController.m */ = {isa = PBXFileReference; lastKnownFileType = sourcecode.c.objc; path = ViewController.m; sourceTree = "<group>"; };
		6D79B8E41E81564B00796555 /* Base */ = {isa = PBXFileReference; lastKnownFileType = file.storyboard; name = Base; path = Base.lproj/Main.storyboard; sourceTree = "<group>"; };
		6D79B8E61E81564B00796555 /* Assets.xcassets */ = {isa = PBXFileReference; lastKnownFileType = folder.assetcatalog; path = Assets.xcassets; sourceTree = "<group>"; };
		6D79B8E91E81564B00796555 /* Base */ = {isa = PBXFileReference; lastKnownFileType = file.storyboard; name = Base; path = Base.lproj/LaunchScreen.storyboard; sourceTree = "<group>"; };
		6D79B8EB1E81564B00796555 /* Info.plist */ = {isa = PBXFileReference; lastKnownFileType = text.plist.xml; path = Info.plist; sourceTree = "<group>"; };
		6D79B8F01E81564C00796555 /* Lesson1Tests.xctest */ = {isa = PBXFileReference; explicitFileType = wrapper.cfbundle; includeInIndex = 0; path = Lesson1Tests.xctest; sourceTree = BUILT_PRODUCTS_DIR; };
		6D79B8F41E81564C00796555 /* ViewModelSpec.m */ = {isa = PBXFileReference; lastKnownFileType = sourcecode.c.objc; path = ViewModelSpec.m; sourceTree = "<group>"; };
		6D79B8F61E81564C00796555 /* Info.plist */ = {isa = PBXFileReference; lastKnownFileType = text.plist.xml; path = Info.plist; sourceTree = "<group>"; };
		6D79B8FB1E81564C00796555 /* Lesson1UITests.xctest */ = {isa = PBXFileReference; explicitFileType = wrapper.cfbundle; includeInIndex = 0; path = Lesson1UITests.xctest; sourceTree = BUILT_PRODUCTS_DIR; };
		6D79B9161E815FBC00796555 /* ViewModel.m */ = {isa = PBXFileReference; fileEncoding = 4; lastKnownFileType = sourcecode.c.objc; path = ViewModel.m; sourceTree = "<group>"; };
		6D79B9181E81602300796555 /* ViewModel.h */ = {isa = PBXFileReference; lastKnownFileType = sourcecode.c.h; path = ViewModel.h; sourceTree = "<group>"; };
		6E946B05BE6246427835E19D /* Pods-Lesson1Tests.release.xcconfig */ = {isa = PBXFileReference; includeInIndex = 1; lastKnownFileType = text.xcconfig; name = "Pods-Lesson1Tests.release.xcconfig"; path = "Pods/Target Support Files/Pods-Lesson1Tests/Pods-Lesson1Tests.release.xcconfig"; sourceTree = "<group>"; };
		C3EA0C7BAACA29366F9A2BA4 /* Pods_Lesson1Tests.framework */ = {isa = PBXFileReference; explicitFileType = wrapper.framework; includeInIndex = 0; path = Pods_Lesson1Tests.framework; sourceTree = BUILT_PRODUCTS_DIR; };
		C53BA627EE7DB1B9667EF2D6 /* Pods-Lesson1.release.xcconfig */ = {isa = PBXFileReference; includeInIndex = 1; lastKnownFileType = text.xcconfig; name = "Pods-Lesson1.release.xcconfig"; path = "Pods/Target Support Files/Pods-Lesson1/Pods-Lesson1.release.xcconfig"; sourceTree = "<group>"; };
/* End PBXFileReference section */

/* Begin PBXFrameworksBuildPhase section */
		6D79B8D41E81564B00796555 /* Frameworks */ = {
			isa = PBXFrameworksBuildPhase;
			buildActionMask = 2147483647;
			files = (
				AB92BCE4FF471A0C3D5B0268 /* Pods_Lesson1.framework in Frameworks */,
			);
			runOnlyForDeploymentPostprocessing = 0;
		};
		6D79B8ED1E81564C00796555 /* Frameworks */ = {
			isa = PBXFrameworksBuildPhase;
			buildActionMask = 2147483647;
			files = (
				3D133DFF752D778A5C48DB89 /* Pods_Lesson1Tests.framework in Frameworks */,
			);
			runOnlyForDeploymentPostprocessing = 0;
		};
		6D79B8F81E81564C00796555 /* Frameworks */ = {
			isa = PBXFrameworksBuildPhase;
			buildActionMask = 2147483647;
			files = (
				8055F2ACA93C5023A2EBD0C0 /* Pods_Lesson1UITests.framework in Frameworks */,
			);
			runOnlyForDeploymentPostprocessing = 0;
		};
/* End PBXFrameworksBuildPhase section */

/* Begin PBXGroup section */
		3622C1C8A994B9A4203185D0 /* Pods */ = {
			isa = PBXGroup;
			children = (
				0A23842B687115E21956F94B /* Pods-Lesson1.debug.xcconfig */,
				C53BA627EE7DB1B9667EF2D6 /* Pods-Lesson1.release.xcconfig */,
				4EC5354FD01EB939EB9341D8 /* Pods-Lesson1Tests.debug.xcconfig */,
				6E946B05BE6246427835E19D /* Pods-Lesson1Tests.release.xcconfig */,
				597D6093EC17437DBCA3AAE9 /* Pods-Lesson1UITests.debug.xcconfig */,
				2EBDBEA2C86DFF1A056EF920 /* Pods-Lesson1UITests.release.xcconfig */,
			);
			name = Pods;
			sourceTree = "<group>";
		};
		6D79B8CE1E81564B00796555 = {
			isa = PBXGroup;
			children = (
				6D79B8D91E81564B00796555 /* Lesson1 */,
				6D79B8F31E81564C00796555 /* Lesson1Tests */,
				6D79B8D81E81564B00796555 /* Products */,
				3622C1C8A994B9A4203185D0 /* Pods */,
				E7BBAC51FD6480F0AEBB6FB6 /* Frameworks */,
			);
			sourceTree = "<group>";
		};
		6D79B8D81E81564B00796555 /* Products */ = {
			isa = PBXGroup;
			children = (
				6D79B8D71E81564B00796555 /* Lesson1.app */,
				6D79B8F01E81564C00796555 /* Lesson1Tests.xctest */,
				6D79B8FB1E81564C00796555 /* Lesson1UITests.xctest */,
			);
			name = Products;
			sourceTree = "<group>";
		};
		6D79B8D91E81564B00796555 /* Lesson1 */ = {
			isa = PBXGroup;
			children = (
				6D79B90D1E815A0000796555 /* Modules */,
				6D79B8DD1E81564B00796555 /* AppDelegate.h */,
				6D79B8DE1E81564B00796555 /* AppDelegate.m */,
				6D79B90F1E815A2600796555 /* UI */,
				6D79B8DA1E81564B00796555 /* Supporting Files */,
			);
			path = Lesson1;
			sourceTree = "<group>";
		};
		6D79B8DA1E81564B00796555 /* Supporting Files */ = {
			isa = PBXGroup;
			children = (
				6D79B8EB1E81564B00796555 /* Info.plist */,
				6D79B8DB1E81564B00796555 /* main.m */,
			);
			name = "Supporting Files";
			sourceTree = "<group>";
		};
		6D79B8F31E81564C00796555 /* Lesson1Tests */ = {
			isa = PBXGroup;
			children = (
				6D79B8F61E81564C00796555 /* Info.plist */,
				6D79B9101E815A3B00796555 /* Modules */,
			);
			path = Lesson1Tests;
			sourceTree = "<group>";
		};
		6D79B90D1E815A0000796555 /* Modules */ = {
			isa = PBXGroup;
			children = (
				6D79B90E1E815A0E00796555 /* Main screen */,
			);
			name = Modules;
			sourceTree = "<group>";
		};
		6D79B90E1E815A0E00796555 /* Main screen */ = {
			isa = PBXGroup;
			children = (
				6D79B8E01E81564B00796555 /* ViewController.h */,
				6D79B8E11E81564B00796555 /* ViewController.m */,
				6D79B8E31E81564B00796555 /* Main.storyboard */,
				6D79B9181E81602300796555 /* ViewModel.h */,
				6D79B9161E815FBC00796555 /* ViewModel.m */,
			);
			name = "Main screen";
			sourceTree = "<group>";
		};
		6D79B90F1E815A2600796555 /* UI */ = {
			isa = PBXGroup;
			children = (
				6D79B8E61E81564B00796555 /* Assets.xcassets */,
				6D79B8E81E81564B00796555 /* LaunchScreen.storyboard */,
			);
			name = UI;
			sourceTree = "<group>";
		};
		6D79B9101E815A3B00796555 /* Modules */ = {
			isa = PBXGroup;
			children = (
				6D79B9111E815A4400796555 /* Main Screen */,
			);
			name = Modules;
			sourceTree = "<group>";
		};
		6D79B9111E815A4400796555 /* Main Screen */ = {
			isa = PBXGroup;
			children = (
				6D79B8F41E81564C00796555 /* ViewModelSpec.m */,
			);
			name = "Main Screen";
			sourceTree = "<group>";
		};
		E7BBAC51FD6480F0AEBB6FB6 /* Frameworks */ = {
			isa = PBXGroup;
			children = (
				1E8754483FBFED88132E3E64 /* Pods_Lesson1.framework */,
				C3EA0C7BAACA29366F9A2BA4 /* Pods_Lesson1Tests.framework */,
				45110C30132701DFA37CD2BA /* Pods_Lesson1UITests.framework */,
			);
			name = Frameworks;
			sourceTree = "<group>";
		};
/* End PBXGroup section */

/* Begin PBXNativeTarget section */
		6D79B8D61E81564B00796555 /* Lesson1 */ = {
			isa = PBXNativeTarget;
			buildConfigurationList = 6D79B9041E81564C00796555 /* Build configuration list for PBXNativeTarget "Lesson1" */;
			buildPhases = (
				8142AA688533992DF9927D88 /* [CP] Check Pods Manifest.lock */,
				6D79B8D31E81564B00796555 /* Sources */,
				6D79B8D41E81564B00796555 /* Frameworks */,
				6D79B8D51E81564B00796555 /* Resources */,
				3B91209B860417EFB77BB017 /* [CP] Embed Pods Frameworks */,
				4513367C06F478F1704F40BD /* [CP] Copy Pods Resources */,
			);
			buildRules = (
			);
			dependencies = (
			);
			name = Lesson1;
			productName = Lesson1;
			productReference = 6D79B8D71E81564B00796555 /* Lesson1.app */;
			productType = "com.apple.product-type.application";
		};
		6D79B8EF1E81564C00796555 /* Lesson1Tests */ = {
			isa = PBXNativeTarget;
			buildConfigurationList = 6D79B9071E81564C00796555 /* Build configuration list for PBXNativeTarget "Lesson1Tests" */;
			buildPhases = (
				CB3E171876EADA6A3FBDE16E /* [CP] Check Pods Manifest.lock */,
				6D79B8EC1E81564C00796555 /* Sources */,
				6D79B8ED1E81564C00796555 /* Frameworks */,
				6D79B8EE1E81564C00796555 /* Resources */,
				C72360A7834ADE7AFCBCD9FF /* [CP] Embed Pods Frameworks */,
				CE892D62A14171AB276B292A /* [CP] Copy Pods Resources */,
			);
			buildRules = (
			);
			dependencies = (
				6D79B8F21E81564C00796555 /* PBXTargetDependency */,
			);
			name = Lesson1Tests;
			productName = Lesson1Tests;
			productReference = 6D79B8F01E81564C00796555 /* Lesson1Tests.xctest */;
			productType = "com.apple.product-type.bundle.unit-test";
		};
		6D79B8FA1E81564C00796555 /* Lesson1UITests */ = {
			isa = PBXNativeTarget;
			buildConfigurationList = 6D79B90A1E81564C00796555 /* Build configuration list for PBXNativeTarget "Lesson1UITests" */;
			buildPhases = (
				DA5BB71F4BFFA63C86A378A0 /* [CP] Check Pods Manifest.lock */,
				6D79B8F71E81564C00796555 /* Sources */,
				6D79B8F81E81564C00796555 /* Frameworks */,
				6D79B8F91E81564C00796555 /* Resources */,
				DD708C20D6E5454FFABE2DC6 /* [CP] Embed Pods Frameworks */,
				03C75AFC8771006E98312ABB /* [CP] Copy Pods Resources */,
			);
			buildRules = (
			);
			dependencies = (
				6D79B8FD1E81564C00796555 /* PBXTargetDependency */,
			);
			name = Lesson1UITests;
			productName = Lesson1UITests;
			productReference = 6D79B8FB1E81564C00796555 /* Lesson1UITests.xctest */;
			productType = "com.apple.product-type.bundle.ui-testing";
		};
/* End PBXNativeTarget section */

/* Begin PBXProject section */
		6D79B8CF1E81564B00796555 /* Project object */ = {
			isa = PBXProject;
			attributes = {
				LastUpgradeCheck = 0820;
				ORGANIZATIONNAME = "Stefan Adams";
				TargetAttributes = {
					6D79B8D61E81564B00796555 = {
						CreatedOnToolsVersion = 8.2.1;
						DevelopmentTeam = Y698KDFKVQ;
						ProvisioningStyle = Automatic;
					};
					6D79B8EF1E81564C00796555 = {
						CreatedOnToolsVersion = 8.2.1;
						DevelopmentTeam = Y698KDFKVQ;
						ProvisioningStyle = Automatic;
						TestTargetID = 6D79B8D61E81564B00796555;
					};
					6D79B8FA1E81564C00796555 = {
						CreatedOnToolsVersion = 8.2.1;
						DevelopmentTeam = Y698KDFKVQ;
						ProvisioningStyle = Automatic;
						TestTargetID = 6D79B8D61E81564B00796555;
					};
				};
			};
			buildConfigurationList = 6D79B8D21E81564B00796555 /* Build configuration list for PBXProject "Lesson1" */;
			compatibilityVersion = "Xcode 3.2";
			developmentRegion = English;
			hasScannedForEncodings = 0;
			knownRegions = (
				en,
				Base,
			);
			mainGroup = 6D79B8CE1E81564B00796555;
			productRefGroup = 6D79B8D81E81564B00796555 /* Products */;
			projectDirPath = "";
			projectRoot = "";
			targets = (
				6D79B8D61E81564B00796555 /* Lesson1 */,
				6D79B8EF1E81564C00796555 /* Lesson1Tests */,
				6D79B8FA1E81564C00796555 /* Lesson1UITests */,
			);
		};
/* End PBXProject section */

/* Begin PBXResourcesBuildPhase section */
		6D79B8D51E81564B00796555 /* Resources */ = {
			isa = PBXResourcesBuildPhase;
			buildActionMask = 2147483647;
			files = (
				6D79B8EA1E81564B00796555 /* LaunchScreen.storyboard in Resources */,
				6D79B8E71E81564B00796555 /* Assets.xcassets in Resources */,
				6D79B8E51E81564B00796555 /* Main.storyboard in Resources */,
			);
			runOnlyForDeploymentPostprocessing = 0;
		};
		6D79B8EE1E81564C00796555 /* Resources */ = {
			isa = PBXResourcesBuildPhase;
			buildActionMask = 2147483647;
			files = (
			);
			runOnlyForDeploymentPostprocessing = 0;
		};
		6D79B8F91E81564C00796555 /* Resources */ = {
			isa = PBXResourcesBuildPhase;
			buildActionMask = 2147483647;
			files = (
			);
			runOnlyForDeploymentPostprocessing = 0;
		};
/* End PBXResourcesBuildPhase section */

/* Begin PBXShellScriptBuildPhase section */
		03C75AFC8771006E98312ABB /* [CP] Copy Pods Resources */ = {
			isa = PBXShellScriptBuildPhase;
			buildActionMask = 2147483647;
			files = (
			);
			inputPaths = (
			);
			name = "[CP] Copy Pods Resources";
			outputPaths = (
			);
			runOnlyForDeploymentPostprocessing = 0;
			shellPath = /bin/sh;
			shellScript = "\"${SRCROOT}/Pods/Target Support Files/Pods-Lesson1UITests/Pods-Lesson1UITests-resources.sh\"\n";
			showEnvVarsInLog = 0;
		};
		3B91209B860417EFB77BB017 /* [CP] Embed Pods Frameworks */ = {
			isa = PBXShellScriptBuildPhase;
			buildActionMask = 2147483647;
			files = (
			);
			inputPaths = (
			);
			name = "[CP] Embed Pods Frameworks";
			outputPaths = (
			);
			runOnlyForDeploymentPostprocessing = 0;
			shellPath = /bin/sh;
			shellScript = "\"${SRCROOT}/Pods/Target Support Files/Pods-Lesson1/Pods-Lesson1-frameworks.sh\"\n";
			showEnvVarsInLog = 0;
		};
		4513367C06F478F1704F40BD /* [CP] Copy Pods Resources */ = {
			isa = PBXShellScriptBuildPhase;
			buildActionMask = 2147483647;
			files = (
			);
			inputPaths = (
			);
			name = "[CP] Copy Pods Resources";
			outputPaths = (
			);
			runOnlyForDeploymentPostprocessing = 0;
			shellPath = /bin/sh;
			shellScript = "\"${SRCROOT}/Pods/Target Support Files/Pods-Lesson1/Pods-Lesson1-resources.sh\"\n";
			showEnvVarsInLog = 0;
		};
		8142AA688533992DF9927D88 /* [CP] Check Pods Manifest.lock */ = {
			isa = PBXShellScriptBuildPhase;
			buildActionMask = 2147483647;
			files = (
			);
			inputPaths = (
			);
			name = "[CP] Check Pods Manifest.lock";
			outputPaths = (
			);
			runOnlyForDeploymentPostprocessing = 0;
			shellPath = /bin/sh;
			shellScript = "diff \"${PODS_ROOT}/../Podfile.lock\" \"${PODS_ROOT}/Manifest.lock\" > /dev/null\nif [ $? != 0 ] ; then\n    # print error to STDERR\n    echo \"error: The sandbox is not in sync with the Podfile.lock. Run 'pod install' or update your CocoaPods installation.\" >&2\n    exit 1\nfi\n";
			showEnvVarsInLog = 0;
		};
		C72360A7834ADE7AFCBCD9FF /* [CP] Embed Pods Frameworks */ = {
			isa = PBXShellScriptBuildPhase;
			buildActionMask = 2147483647;
			files = (
			);
			inputPaths = (
			);
			name = "[CP] Embed Pods Frameworks";
			outputPaths = (
			);
			runOnlyForDeploymentPostprocessing = 0;
			shellPath = /bin/sh;
			shellScript = "\"${SRCROOT}/Pods/Target Support Files/Pods-Lesson1Tests/Pods-Lesson1Tests-frameworks.sh\"\n";
			showEnvVarsInLog = 0;
		};
		CB3E171876EADA6A3FBDE16E /* [CP] Check Pods Manifest.lock */ = {
			isa = PBXShellScriptBuildPhase;
			buildActionMask = 2147483647;
			files = (
			);
			inputPaths = (
			);
			name = "[CP] Check Pods Manifest.lock";
			outputPaths = (
			);
			runOnlyForDeploymentPostprocessing = 0;
			shellPath = /bin/sh;
			shellScript = "diff \"${PODS_ROOT}/../Podfile.lock\" \"${PODS_ROOT}/Manifest.lock\" > /dev/null\nif [ $? != 0 ] ; then\n    # print error to STDERR\n    echo \"error: The sandbox is not in sync with the Podfile.lock. Run 'pod install' or update your CocoaPods installation.\" >&2\n    exit 1\nfi\n";
			showEnvVarsInLog = 0;
		};
		CE892D62A14171AB276B292A /* [CP] Copy Pods Resources */ = {
			isa = PBXShellScriptBuildPhase;
			buildActionMask = 2147483647;
			files = (
			);
			inputPaths = (
			);
			name = "[CP] Copy Pods Resources";
			outputPaths = (
			);
			runOnlyForDeploymentPostprocessing = 0;
			shellPath = /bin/sh;
			shellScript = "\"${SRCROOT}/Pods/Target Support Files/Pods-Lesson1Tests/Pods-Lesson1Tests-resources.sh\"\n";
			showEnvVarsInLog = 0;
		};
		DA5BB71F4BFFA63C86A378A0 /* [CP] Check Pods Manifest.lock */ = {
			isa = PBXShellScriptBuildPhase;
			buildActionMask = 2147483647;
			files = (
			);
			inputPaths = (
			);
			name = "[CP] Check Pods Manifest.lock";
			outputPaths = (
			);
			runOnlyForDeploymentPostprocessing = 0;
			shellPath = /bin/sh;
			shellScript = "diff \"${PODS_ROOT}/../Podfile.lock\" \"${PODS_ROOT}/Manifest.lock\" > /dev/null\nif [ $? != 0 ] ; then\n    # print error to STDERR\n    echo \"error: The sandbox is not in sync with the Podfile.lock. Run 'pod install' or update your CocoaPods installation.\" >&2\n    exit 1\nfi\n";
			showEnvVarsInLog = 0;
		};
		DD708C20D6E5454FFABE2DC6 /* [CP] Embed Pods Frameworks */ = {
			isa = PBXShellScriptBuildPhase;
			buildActionMask = 2147483647;
			files = (
			);
			inputPaths = (
			);
			name = "[CP] Embed Pods Frameworks";
			outputPaths = (
			);
			runOnlyForDeploymentPostprocessing = 0;
			shellPath = /bin/sh;
			shellScript = "\"${SRCROOT}/Pods/Target Support Files/Pods-Lesson1UITests/Pods-Lesson1UITests-frameworks.sh\"\n";
			showEnvVarsInLog = 0;
		};
/* End PBXShellScriptBuildPhase section */

/* Begin PBXSourcesBuildPhase section */
		6D79B8D31E81564B00796555 /* Sources */ = {
			isa = PBXSourcesBuildPhase;
			buildActionMask = 2147483647;
			files = (
				6D79B8E21E81564B00796555 /* ViewController.m in Sources */,
				6D79B8DF1E81564B00796555 /* AppDelegate.m in Sources */,
				6D79B9171E815FBC00796555 /* ViewModel.m in Sources */,
				6D79B8DC1E81564B00796555 /* main.m in Sources */,
			);
			runOnlyForDeploymentPostprocessing = 0;
		};
		6D79B8EC1E81564C00796555 /* Sources */ = {
			isa = PBXSourcesBuildPhase;
			buildActionMask = 2147483647;
			files = (
				6D79B8F51E81564C00796555 /* ViewModelSpec.m in Sources */,
			);
			runOnlyForDeploymentPostprocessing = 0;
		};
		6D79B8F71E81564C00796555 /* Sources */ = {
			isa = PBXSourcesBuildPhase;
			buildActionMask = 2147483647;
			files = (
			);
			runOnlyForDeploymentPostprocessing = 0;
		};
/* End PBXSourcesBuildPhase section */

/* Begin PBXTargetDependency section */
		6D79B8F21E81564C00796555 /* PBXTargetDependency */ = {
			isa = PBXTargetDependency;
			target = 6D79B8D61E81564B00796555 /* Lesson1 */;
			targetProxy = 6D79B8F11E81564C00796555 /* PBXContainerItemProxy */;
		};
		6D79B8FD1E81564C00796555 /* PBXTargetDependency */ = {
			isa = PBXTargetDependency;
			target = 6D79B8D61E81564B00796555 /* Lesson1 */;
			targetProxy = 6D79B8FC1E81564C00796555 /* PBXContainerItemProxy */;
		};
/* End PBXTargetDependency section */

/* Begin PBXVariantGroup section */
		6D79B8E31E81564B00796555 /* Main.storyboard */ = {
			isa = PBXVariantGroup;
			children = (
				6D79B8E41E81564B00796555 /* Base */,
			);
			name = Main.storyboard;
			sourceTree = "<group>";
		};
		6D79B8E81E81564B00796555 /* LaunchScreen.storyboard */ = {
			isa = PBXVariantGroup;
			children = (
				6D79B8E91E81564B00796555 /* Base */,
			);
			name = LaunchScreen.storyboard;
			sourceTree = "<group>";
		};
/* End PBXVariantGroup section */

/* Begin XCBuildConfiguration section */
		6D79B9021E81564C00796555 /* Debug */ = {
			isa = XCBuildConfiguration;
			buildSettings = {
				ALWAYS_SEARCH_USER_PATHS = NO;
				CLANG_ANALYZER_NONNULL = YES;
				CLANG_CXX_LANGUAGE_STANDARD = "gnu++0x";
				CLANG_CXX_LIBRARY = "libc++";
				CLANG_ENABLE_MODULES = YES;
				CLANG_ENABLE_OBJC_ARC = YES;
				CLANG_WARN_BOOL_CONVERSION = YES;
				CLANG_WARN_CONSTANT_CONVERSION = YES;
				CLANG_WARN_DIRECT_OBJC_ISA_USAGE = YES_ERROR;
				CLANG_WARN_DOCUMENTATION_COMMENTS = YES;
				CLANG_WARN_EMPTY_BODY = YES;
				CLANG_WARN_ENUM_CONVERSION = YES;
				CLANG_WARN_INFINITE_RECURSION = YES;
				CLANG_WARN_INT_CONVERSION = YES;
				CLANG_WARN_OBJC_ROOT_CLASS = YES_ERROR;
				CLANG_WARN_SUSPICIOUS_MOVE = YES;
				CLANG_WARN_UNREACHABLE_CODE = YES;
				CLANG_WARN__DUPLICATE_METHOD_MATCH = YES;
				"CODE_SIGN_IDENTITY[sdk=iphoneos*]" = "iPhone Developer";
				COPY_PHASE_STRIP = NO;
				DEBUG_INFORMATION_FORMAT = dwarf;
				ENABLE_STRICT_OBJC_MSGSEND = YES;
				ENABLE_TESTABILITY = YES;
				GCC_C_LANGUAGE_STANDARD = gnu99;
				GCC_DYNAMIC_NO_PIC = NO;
				GCC_NO_COMMON_BLOCKS = YES;
				GCC_OPTIMIZATION_LEVEL = 0;
				GCC_PREPROCESSOR_DEFINITIONS = (
					"DEBUG=1",
					"$(inherited)",
				);
				GCC_WARN_64_TO_32_BIT_CONVERSION = YES;
				GCC_WARN_ABOUT_RETURN_TYPE = YES_ERROR;
				GCC_WARN_UNDECLARED_SELECTOR = YES;
				GCC_WARN_UNINITIALIZED_AUTOS = YES_AGGRESSIVE;
				GCC_WARN_UNUSED_FUNCTION = YES;
				GCC_WARN_UNUSED_VARIABLE = YES;
				IPHONEOS_DEPLOYMENT_TARGET = 10.2;
				MTL_ENABLE_DEBUG_INFO = YES;
				ONLY_ACTIVE_ARCH = YES;
				SDKROOT = iphoneos;
				TARGETED_DEVICE_FAMILY = "1,2";
			};
			name = Debug;
		};
		6D79B9031E81564C00796555 /* Release */ = {
			isa = XCBuildConfiguration;
			buildSettings = {
				ALWAYS_SEARCH_USER_PATHS = NO;
				CLANG_ANALYZER_NONNULL = YES;
				CLANG_CXX_LANGUAGE_STANDARD = "gnu++0x";
				CLANG_CXX_LIBRARY = "libc++";
				CLANG_ENABLE_MODULES = YES;
				CLANG_ENABLE_OBJC_ARC = YES;
				CLANG_WARN_BOOL_CONVERSION = YES;
				CLANG_WARN_CONSTANT_CONVERSION = YES;
				CLANG_WARN_DIRECT_OBJC_ISA_USAGE = YES_ERROR;
				CLANG_WARN_DOCUMENTATION_COMMENTS = YES;
				CLANG_WARN_EMPTY_BODY = YES;
				CLANG_WARN_ENUM_CONVERSION = YES;
				CLANG_WARN_INFINITE_RECURSION = YES;
				CLANG_WARN_INT_CONVERSION = YES;
				CLANG_WARN_OBJC_ROOT_CLASS = YES_ERROR;
				CLANG_WARN_SUSPICIOUS_MOVE = YES;
				CLANG_WARN_UNREACHABLE_CODE = YES;
				CLANG_WARN__DUPLICATE_METHOD_MATCH = YES;
				"CODE_SIGN_IDENTITY[sdk=iphoneos*]" = "iPhone Developer";
				COPY_PHASE_STRIP = NO;
				DEBUG_INFORMATION_FORMAT = "dwarf-with-dsym";
				ENABLE_NS_ASSERTIONS = NO;
				ENABLE_STRICT_OBJC_MSGSEND = YES;
				GCC_C_LANGUAGE_STANDARD = gnu99;
				GCC_NO_COMMON_BLOCKS = YES;
				GCC_WARN_64_TO_32_BIT_CONVERSION = YES;
				GCC_WARN_ABOUT_RETURN_TYPE = YES_ERROR;
				GCC_WARN_UNDECLARED_SELECTOR = YES;
				GCC_WARN_UNINITIALIZED_AUTOS = YES_AGGRESSIVE;
				GCC_WARN_UNUSED_FUNCTION = YES;
				GCC_WARN_UNUSED_VARIABLE = YES;
				IPHONEOS_DEPLOYMENT_TARGET = 10.2;
				MTL_ENABLE_DEBUG_INFO = NO;
				SDKROOT = iphoneos;
				TARGETED_DEVICE_FAMILY = "1,2";
				VALIDATE_PRODUCT = YES;
			};
			name = Release;
		};
		6D79B9051E81564C00796555 /* Debug */ = {
			isa = XCBuildConfiguration;
			baseConfigurationReference = 0A23842B687115E21956F94B /* Pods-Lesson1.debug.xcconfig */;
			buildSettings = {
				ALWAYS_EMBED_SWIFT_STANDARD_LIBRARIES = YES;
				ASSETCATALOG_COMPILER_APPICON_NAME = AppIcon;
				DEVELOPMENT_TEAM = Y698KDFKVQ;
				INFOPLIST_FILE = Lesson1/Info.plist;
				LD_RUNPATH_SEARCH_PATHS = "$(inherited) @executable_path/Frameworks";
				PRODUCT_BUNDLE_IDENTIFIER = com.ASDevs.Lesson1;
				PRODUCT_NAME = "$(TARGET_NAME)";
			};
			name = Debug;
		};
		6D79B9061E81564C00796555 /* Release */ = {
			isa = XCBuildConfiguration;
			baseConfigurationReference = C53BA627EE7DB1B9667EF2D6 /* Pods-Lesson1.release.xcconfig */;
			buildSettings = {
				ALWAYS_EMBED_SWIFT_STANDARD_LIBRARIES = YES;
				ASSETCATALOG_COMPILER_APPICON_NAME = AppIcon;
				DEVELOPMENT_TEAM = Y698KDFKVQ;
				INFOPLIST_FILE = Lesson1/Info.plist;
				LD_RUNPATH_SEARCH_PATHS = "$(inherited) @executable_path/Frameworks";
				PRODUCT_BUNDLE_IDENTIFIER = com.ASDevs.Lesson1;
				PRODUCT_NAME = "$(TARGET_NAME)";
			};
			name = Release;
		};
		6D79B9081E81564C00796555 /* Debug */ = {
			isa = XCBuildConfiguration;
			baseConfigurationReference = 4EC5354FD01EB939EB9341D8 /* Pods-Lesson1Tests.debug.xcconfig */;
			buildSettings = {
				ALWAYS_EMBED_SWIFT_STANDARD_LIBRARIES = YES;
				BUNDLE_LOADER = "$(TEST_HOST)";
				DEVELOPMENT_TEAM = Y698KDFKVQ;
				INFOPLIST_FILE = Lesson1Tests/Info.plist;
				LD_RUNPATH_SEARCH_PATHS = "$(inherited) @executable_path/Frameworks @loader_path/Frameworks";
				PRODUCT_BUNDLE_IDENTIFIER = com.ASDevs.Lesson1Tests;
				PRODUCT_NAME = "$(TARGET_NAME)";
				TEST_HOST = "$(BUILT_PRODUCTS_DIR)/Lesson1.app/Lesson1";
			};
			name = Debug;
		};
		6D79B9091E81564C00796555 /* Release */ = {
			isa = XCBuildConfiguration;
			baseConfigurationReference = 6E946B05BE6246427835E19D /* Pods-Lesson1Tests.release.xcconfig */;
			buildSettings = {
				ALWAYS_EMBED_SWIFT_STANDARD_LIBRARIES = YES;
				BUNDLE_LOADER = "$(TEST_HOST)";
				DEVELOPMENT_TEAM = Y698KDFKVQ;
				INFOPLIST_FILE = Lesson1Tests/Info.plist;
				LD_RUNPATH_SEARCH_PATHS = "$(inherited) @executable_path/Frameworks @loader_path/Frameworks";
				PRODUCT_BUNDLE_IDENTIFIER = com.ASDevs.Lesson1Tests;
				PRODUCT_NAME = "$(TARGET_NAME)";
				TEST_HOST = "$(BUILT_PRODUCTS_DIR)/Lesson1.app/Lesson1";
			};
			name = Release;
		};
		6D79B90B1E81564C00796555 /* Debug */ = {
			isa = XCBuildConfiguration;
			baseConfigurationReference = 597D6093EC17437DBCA3AAE9 /* Pods-Lesson1UITests.debug.xcconfig */;
			buildSettings = {
				DEVELOPMENT_TEAM = Y698KDFKVQ;
				INFOPLIST_FILE = Lesson1UITests/Info.plist;
				LD_RUNPATH_SEARCH_PATHS = "$(inherited) @executable_path/Frameworks @loader_path/Frameworks";
				PRODUCT_BUNDLE_IDENTIFIER = com.ASDevs.Lesson1UITests;
				PRODUCT_NAME = "$(TARGET_NAME)";
				TEST_TARGET_NAME = Lesson1;
			};
			name = Debug;
		};
		6D79B90C1E81564C00796555 /* Release */ = {
			isa = XCBuildConfiguration;
			baseConfigurationReference = 2EBDBEA2C86DFF1A056EF920 /* Pods-Lesson1UITests.release.xcconfig */;
			buildSettings = {
				DEVELOPMENT_TEAM = Y698KDFKVQ;
				INFOPLIST_FILE = Lesson1UITests/Info.plist;
				LD_RUNPATH_SEARCH_PATHS = "$(inherited) @executable_path/Frameworks @loader_path/Frameworks";
				PRODUCT_BUNDLE_IDENTIFIER = com.ASDevs.Lesson1UITests;
				PRODUCT_NAME = "$(TARGET_NAME)";
				TEST_TARGET_NAME = Lesson1;
			};
			name = Release;
		};
/* End XCBuildConfiguration section */

/* Begin XCConfigurationList section */
		6D79B8D21E81564B00796555 /* Build configuration list for PBXProject "Lesson1" */ = {
			isa = XCConfigurationList;
			buildConfigurations = (
				6D79B9021E81564C00796555 /* Debug */,
				6D79B9031E81564C00796555 /* Release */,
			);
			defaultConfigurationIsVisible = 0;
			defaultConfigurationName = Release;
		};
		6D79B9041E81564C00796555 /* Build configuration list for PBXNativeTarget "Lesson1" */ = {
			isa = XCConfigurationList;
			buildConfigurations = (
				6D79B9051E81564C00796555 /* Debug */,
				6D79B9061E81564C00796555 /* Release */,
			);
			defaultConfigurationIsVisible = 0;
			defaultConfigurationName = Release;
		};
		6D79B9071E81564C00796555 /* Build configuration list for PBXNativeTarget "Lesson1Tests" */ = {
			isa = XCConfigurationList;
			buildConfigurations = (
				6D79B9081E81564C00796555 /* Debug */,
				6D79B9091E81564C00796555 /* Release */,
			);
			defaultConfigurationIsVisible = 0;
			defaultConfigurationName = Release;
		};
		6D79B90A1E81564C00796555 /* Build configuration list for PBXNativeTarget "Lesson1UITests" */ = {
			isa = XCConfigurationList;
			buildConfigurations = (
				6D79B90B1E81564C00796555 /* Debug */,
				6D79B90C1E81564C00796555 /* Release */,
			);
			defaultConfigurationIsVisible = 0;
			defaultConfigurationName = Release;
		};
/* End XCConfigurationList section */
	};
	rootObject = 6D79B8CF1E81564B00796555 /* Project object */;
}
