// !$*UTF8*$!
{
	archiveVersion = 1;
	classes = {
	};
	objectVersion = 48;
	objects = {

/* Begin PBXBuildFile section */
		33674CBA1FB5B17B0055AB23 /* TIILabelCollectionViewCell.m in Sources */ = {isa = PBXBuildFile; fileRef = 33674CB91FB5B17B0055AB23 /* TIILabelCollectionViewCell.m */; };
		33A99F071FB9F8CF009A0B3A /* TIISlideInCollectionViewLayout.swift in Sources */ = {isa = PBXBuildFile; fileRef = 33A99F061FB9F8CF009A0B3A /* TIISlideInCollectionViewLayout.swift */; };
		33B82B121FBD824A00990C06 /* TIIDragAndDropTableViewController.m in Sources */ = {isa = PBXBuildFile; fileRef = 33B82B111FBD824A00990C06 /* TIIDragAndDropTableViewController.m */; };
		33C0F1661FBDE9740093DEA8 /* TIITransitionManager.swift in Sources */ = {isa = PBXBuildFile; fileRef = 33C0F1651FBDE9740093DEA8 /* TIITransitionManager.swift */; };
		33C0F16A1FC2C1B30093DEA8 /* TIICustomSegue.m in Sources */ = {isa = PBXBuildFile; fileRef = 33C0F1691FC2C1B30093DEA8 /* TIICustomSegue.m */; };
		33F484E41FB462110043E06E /* TIIUIViewController.m in Sources */ = {isa = PBXBuildFile; fileRef = 33F484E31FB462110043E06E /* TIIUIViewController.m */; };
		33F484E61FB464EB0043E06E /* TextField.storyboard in Resources */ = {isa = PBXBuildFile; fileRef = 33F484E51FB464EB0043E06E /* TextField.storyboard */; };
		33F484E91FB467A10043E06E /* TIITextFieldViewController.m in Sources */ = {isa = PBXBuildFile; fileRef = 33F484E81FB467A10043E06E /* TIITextFieldViewController.m */; };
		C01701781FB45F1200F41277 /* AppDelegate.swift in Sources */ = {isa = PBXBuildFile; fileRef = C01701771FB45F1200F41277 /* AppDelegate.swift */; };
		C017017D1FB45F1200F41277 /* Main.storyboard in Resources */ = {isa = PBXBuildFile; fileRef = C017017B1FB45F1200F41277 /* Main.storyboard */; };
		C017017F1FB45F1200F41277 /* Assets.xcassets in Resources */ = {isa = PBXBuildFile; fileRef = C017017E1FB45F1200F41277 /* Assets.xcassets */; };
		C01701821FB45F1200F41277 /* LaunchScreen.storyboard in Resources */ = {isa = PBXBuildFile; fileRef = C01701801FB45F1200F41277 /* LaunchScreen.storyboard */; };
		C02651FB1FBB08B1003D4CEF /* PostService.swift in Sources */ = {isa = PBXBuildFile; fileRef = C02651FA1FBB08B1003D4CEF /* PostService.swift */; };
		C02652011FBB1415003D4CEF /* Post.swift in Sources */ = {isa = PBXBuildFile; fileRef = C02652001FBB1415003D4CEF /* Post.swift */; };
		C0B9EC7A1FBB15C5001168D5 /* ObjcTextInputTests.swift in Sources */ = {isa = PBXBuildFile; fileRef = C0B9EC791FBB15C5001168D5 /* ObjcTextInputTests.swift */; };
		C0B9EC811FBB15CE001168D5 /* PostTests.swift in Sources */ = {isa = PBXBuildFile; fileRef = C0B9EC711FBB159C001168D5 /* PostTests.swift */; };
		C587F04C306CAD752850D0AF /* Pods_ObjcTextInput_ObjcTextInputTests.framework in Frameworks */ = {isa = PBXBuildFile; fileRef = D5FF15F3A5B714098053B8D0 /* Pods_ObjcTextInput_ObjcTextInputTests.framework */; };
		EEDB8667E4C72A0E11657F3C /* Pods_ObjcTextInput.framework in Frameworks */ = {isa = PBXBuildFile; fileRef = E6DA1CC13809AE7A909562E9 /* Pods_ObjcTextInput.framework */; };
/* End PBXBuildFile section */

/* Begin PBXContainerItemProxy section */
		C0B9EC7C1FBB15C5001168D5 /* PBXContainerItemProxy */ = {
			isa = PBXContainerItemProxy;
			containerPortal = C017016C1FB45F1200F41277 /* Project object */;
			proxyType = 1;
			remoteGlobalIDString = C01701731FB45F1200F41277;
			remoteInfo = ObjcTextInput;
		};
/* End PBXContainerItemProxy section */

/* Begin PBXFileReference section */
		0A2B026F0EA2D8A7283938FB /* Pods-ObjcTextInput-ObjcTextInputTests.release.xcconfig */ = {isa = PBXFileReference; includeInIndex = 1; lastKnownFileType = text.xcconfig; name = "Pods-ObjcTextInput-ObjcTextInputTests.release.xcconfig"; path = "Pods/Target Support Files/Pods-ObjcTextInput-ObjcTextInputTests/Pods-ObjcTextInput-ObjcTextInputTests.release.xcconfig"; sourceTree = "<group>"; };
		268001BFD457FBD3278559BA /* Pods-ObjcTextInput.debug.xcconfig */ = {isa = PBXFileReference; includeInIndex = 1; lastKnownFileType = text.xcconfig; name = "Pods-ObjcTextInput.debug.xcconfig"; path = "Pods/Target Support Files/Pods-ObjcTextInput/Pods-ObjcTextInput.debug.xcconfig"; sourceTree = "<group>"; };
		33674CB81FB5B17B0055AB23 /* TIILabelCollectionViewCell.h */ = {isa = PBXFileReference; lastKnownFileType = sourcecode.c.h; path = TIILabelCollectionViewCell.h; sourceTree = "<group>"; };
		33674CB91FB5B17B0055AB23 /* TIILabelCollectionViewCell.m */ = {isa = PBXFileReference; lastKnownFileType = sourcecode.c.objc; path = TIILabelCollectionViewCell.m; sourceTree = "<group>"; };
		33A99F061FB9F8CF009A0B3A /* TIISlideInCollectionViewLayout.swift */ = {isa = PBXFileReference; lastKnownFileType = sourcecode.swift; path = TIISlideInCollectionViewLayout.swift; sourceTree = "<group>"; };
		33B82B101FBD824A00990C06 /* TIIDragAndDropTableViewController.h */ = {isa = PBXFileReference; lastKnownFileType = sourcecode.c.h; path = TIIDragAndDropTableViewController.h; sourceTree = "<group>"; };
		33B82B111FBD824A00990C06 /* TIIDragAndDropTableViewController.m */ = {isa = PBXFileReference; lastKnownFileType = sourcecode.c.objc; path = TIIDragAndDropTableViewController.m; sourceTree = "<group>"; };
		33C0F1651FBDE9740093DEA8 /* TIITransitionManager.swift */ = {isa = PBXFileReference; lastKnownFileType = sourcecode.swift; name = TIITransitionManager.swift; path = /Users/naomideleeuw/ios_objective_c_workshop/Students/Naomi/ObjcTextInput/ObjcTextInput/Modules/TIITransitionManager.swift; sourceTree = "<absolute>"; };
		33C0F1681FC2C1B30093DEA8 /* TIICustomSegue.h */ = {isa = PBXFileReference; lastKnownFileType = sourcecode.c.h; path = TIICustomSegue.h; sourceTree = "<group>"; };
		33C0F1691FC2C1B30093DEA8 /* TIICustomSegue.m */ = {isa = PBXFileReference; lastKnownFileType = sourcecode.c.objc; path = TIICustomSegue.m; sourceTree = "<group>"; };
		33F484E11FB462110043E06E /* ObjcTextInput-Bridging-Header.h */ = {isa = PBXFileReference; lastKnownFileType = sourcecode.c.h; path = "ObjcTextInput-Bridging-Header.h"; sourceTree = "<group>"; };
		33F484E21FB462110043E06E /* TIIUIViewController.h */ = {isa = PBXFileReference; lastKnownFileType = sourcecode.c.h; path = TIIUIViewController.h; sourceTree = "<group>"; };
		33F484E31FB462110043E06E /* TIIUIViewController.m */ = {isa = PBXFileReference; lastKnownFileType = sourcecode.c.objc; path = TIIUIViewController.m; sourceTree = "<group>"; };
		33F484E51FB464EB0043E06E /* TextField.storyboard */ = {isa = PBXFileReference; lastKnownFileType = file.storyboard; path = TextField.storyboard; sourceTree = "<group>"; };
		33F484E71FB467A10043E06E /* TIITextFieldViewController.h */ = {isa = PBXFileReference; lastKnownFileType = sourcecode.c.h; path = TIITextFieldViewController.h; sourceTree = "<group>"; };
		33F484E81FB467A10043E06E /* TIITextFieldViewController.m */ = {isa = PBXFileReference; lastKnownFileType = sourcecode.c.objc; path = TIITextFieldViewController.m; sourceTree = "<group>"; };
		83CD46171D8919E18EC523E5 /* Pods-ObjcTextInput-ObjcTextInputTests.debug.xcconfig */ = {isa = PBXFileReference; includeInIndex = 1; lastKnownFileType = text.xcconfig; name = "Pods-ObjcTextInput-ObjcTextInputTests.debug.xcconfig"; path = "Pods/Target Support Files/Pods-ObjcTextInput-ObjcTextInputTests/Pods-ObjcTextInput-ObjcTextInputTests.debug.xcconfig"; sourceTree = "<group>"; };
		C01701741FB45F1200F41277 /* ObjcTextInput.app */ = {isa = PBXFileReference; explicitFileType = wrapper.application; includeInIndex = 0; path = ObjcTextInput.app; sourceTree = BUILT_PRODUCTS_DIR; };
		C01701771FB45F1200F41277 /* AppDelegate.swift */ = {isa = PBXFileReference; lastKnownFileType = sourcecode.swift; path = AppDelegate.swift; sourceTree = "<group>"; };
		C017017C1FB45F1200F41277 /* Base */ = {isa = PBXFileReference; lastKnownFileType = file.storyboard; name = Base; path = Base.lproj/Main.storyboard; sourceTree = "<group>"; };
		C017017E1FB45F1200F41277 /* Assets.xcassets */ = {isa = PBXFileReference; lastKnownFileType = folder.assetcatalog; path = Assets.xcassets; sourceTree = "<group>"; };
		C01701811FB45F1200F41277 /* Base */ = {isa = PBXFileReference; lastKnownFileType = file.storyboard; name = Base; path = Base.lproj/LaunchScreen.storyboard; sourceTree = "<group>"; };
		C01701831FB45F1200F41277 /* Info.plist */ = {isa = PBXFileReference; lastKnownFileType = text.plist.xml; path = Info.plist; sourceTree = "<group>"; };
		C02651FA1FBB08B1003D4CEF /* PostService.swift */ = {isa = PBXFileReference; lastKnownFileType = sourcecode.swift; path = PostService.swift; sourceTree = "<group>"; };
		C02652001FBB1415003D4CEF /* Post.swift */ = {isa = PBXFileReference; lastKnownFileType = sourcecode.swift; path = Post.swift; sourceTree = "<group>"; };
		C0B9EC711FBB159C001168D5 /* PostTests.swift */ = {isa = PBXFileReference; lastKnownFileType = sourcecode.swift; path = PostTests.swift; sourceTree = "<group>"; };
		C0B9EC771FBB15C5001168D5 /* ObjcTextInputTests.xctest */ = {isa = PBXFileReference; explicitFileType = wrapper.cfbundle; includeInIndex = 0; path = ObjcTextInputTests.xctest; sourceTree = BUILT_PRODUCTS_DIR; };
		C0B9EC791FBB15C5001168D5 /* ObjcTextInputTests.swift */ = {isa = PBXFileReference; lastKnownFileType = sourcecode.swift; path = ObjcTextInputTests.swift; sourceTree = "<group>"; };
		C0B9EC7B1FBB15C5001168D5 /* Info.plist */ = {isa = PBXFileReference; lastKnownFileType = text.plist.xml; path = Info.plist; sourceTree = "<group>"; };
		CBD4A5EA0EE58D68AB0E86D0 /* Pods-ObjcTextInput.release.xcconfig */ = {isa = PBXFileReference; includeInIndex = 1; lastKnownFileType = text.xcconfig; name = "Pods-ObjcTextInput.release.xcconfig"; path = "Pods/Target Support Files/Pods-ObjcTextInput/Pods-ObjcTextInput.release.xcconfig"; sourceTree = "<group>"; };
		D5FF15F3A5B714098053B8D0 /* Pods_ObjcTextInput_ObjcTextInputTests.framework */ = {isa = PBXFileReference; explicitFileType = wrapper.framework; includeInIndex = 0; path = Pods_ObjcTextInput_ObjcTextInputTests.framework; sourceTree = BUILT_PRODUCTS_DIR; };
		E6DA1CC13809AE7A909562E9 /* Pods_ObjcTextInput.framework */ = {isa = PBXFileReference; explicitFileType = wrapper.framework; includeInIndex = 0; path = Pods_ObjcTextInput.framework; sourceTree = BUILT_PRODUCTS_DIR; };
/* End PBXFileReference section */

/* Begin PBXFrameworksBuildPhase section */
		C01701711FB45F1200F41277 /* Frameworks */ = {
			isa = PBXFrameworksBuildPhase;
			buildActionMask = 2147483647;
			files = (
				EEDB8667E4C72A0E11657F3C /* Pods_ObjcTextInput.framework in Frameworks */,
			);
			runOnlyForDeploymentPostprocessing = 0;
		};
		C0B9EC741FBB15C5001168D5 /* Frameworks */ = {
			isa = PBXFrameworksBuildPhase;
			buildActionMask = 2147483647;
			files = (
				C587F04C306CAD752850D0AF /* Pods_ObjcTextInput_ObjcTextInputTests.framework in Frameworks */,
			);
			runOnlyForDeploymentPostprocessing = 0;
		};
/* End PBXFrameworksBuildPhase section */

/* Begin PBXGroup section */
		1F576C15BEB8A57A87ADF972 /* Frameworks */ = {
			isa = PBXGroup;
			children = (
				E6DA1CC13809AE7A909562E9 /* Pods_ObjcTextInput.framework */,
				D5FF15F3A5B714098053B8D0 /* Pods_ObjcTextInput_ObjcTextInputTests.framework */,
			);
			name = Frameworks;
			sourceTree = "<group>";
		};
		33B82B131FBD82DD00990C06 /* DragAndDrop */ = {
			isa = PBXGroup;
			children = (
				33B82B101FBD824A00990C06 /* TIIDragAndDropTableViewController.h */,
				33B82B111FBD824A00990C06 /* TIIDragAndDropTableViewController.m */,
			);
			path = DragAndDrop;
			sourceTree = "<group>";
		};
		8B2B15A574CBC12714CDCA7E /* Pods */ = {
			isa = PBXGroup;
			children = (
				268001BFD457FBD3278559BA /* Pods-ObjcTextInput.debug.xcconfig */,
				CBD4A5EA0EE58D68AB0E86D0 /* Pods-ObjcTextInput.release.xcconfig */,
				83CD46171D8919E18EC523E5 /* Pods-ObjcTextInput-ObjcTextInputTests.debug.xcconfig */,
				0A2B026F0EA2D8A7283938FB /* Pods-ObjcTextInput-ObjcTextInputTests.release.xcconfig */,
			);
			name = Pods;
			sourceTree = "<group>";
		};
		C017016B1FB45F1200F41277 = {
			isa = PBXGroup;
			children = (
				C01701761FB45F1200F41277 /* ObjcTextInput */,
				C0B9EC781FBB15C5001168D5 /* ObjcTextInputTests */,
				C01701751FB45F1200F41277 /* Products */,
				8B2B15A574CBC12714CDCA7E /* Pods */,
				1F576C15BEB8A57A87ADF972 /* Frameworks */,
			);
			sourceTree = "<group>";
		};
		C01701751FB45F1200F41277 /* Products */ = {
			isa = PBXGroup;
			children = (
				C01701741FB45F1200F41277 /* ObjcTextInput.app */,
				C0B9EC771FBB15C5001168D5 /* ObjcTextInputTests.xctest */,
			);
			name = Products;
			sourceTree = "<group>";
		};
		C01701761FB45F1200F41277 /* ObjcTextInput */ = {
			isa = PBXGroup;
			children = (
				C01701771FB45F1200F41277 /* AppDelegate.swift */,
				C017017B1FB45F1200F41277 /* Main.storyboard */,
				C02651FE1FBB119F003D4CEF /* Modules */,
				C017017E1FB45F1200F41277 /* Assets.xcassets */,
				C01701801FB45F1200F41277 /* LaunchScreen.storyboard */,
				C01701831FB45F1200F41277 /* Info.plist */,
				33F484E11FB462110043E06E /* ObjcTextInput-Bridging-Header.h */,
			);
			path = ObjcTextInput;
			sourceTree = "<group>";
		};
		C02651FC1FBB116C003D4CEF /* Service */ = {
			isa = PBXGroup;
			children = (
				C02651FA1FBB08B1003D4CEF /* PostService.swift */,
				C02652001FBB1415003D4CEF /* Post.swift */,
				C0B9EC711FBB159C001168D5 /* PostTests.swift */,
			);
			name = Service;
			path = "New Group";
			sourceTree = "<group>";
		};
		C02651FD1FBB118C003D4CEF /* TextInput */ = {
			isa = PBXGroup;
			children = (
				33A99F061FB9F8CF009A0B3A /* TIISlideInCollectionViewLayout.swift */,
				33F484E21FB462110043E06E /* TIIUIViewController.h */,
				33F484E31FB462110043E06E /* TIIUIViewController.m */,
				33674CB81FB5B17B0055AB23 /* TIILabelCollectionViewCell.h */,
				33674CB91FB5B17B0055AB23 /* TIILabelCollectionViewCell.m */,
				33F484E71FB467A10043E06E /* TIITextFieldViewController.h */,
				33F484E81FB467A10043E06E /* TIITextFieldViewController.m */,
				33F484E51FB464EB0043E06E /* TextField.storyboard */,
			);
			path = TextInput;
			sourceTree = "<group>";
		};
		C02651FE1FBB119F003D4CEF /* Modules */ = {
			isa = PBXGroup;
			children = (
				33C0F1651FBDE9740093DEA8 /* TIITransitionManager.swift */,
				33C0F1681FC2C1B30093DEA8 /* TIICustomSegue.h */,
				33C0F1691FC2C1B30093DEA8 /* TIICustomSegue.m */,
				33B82B131FBD82DD00990C06 /* DragAndDrop */,
				C02651FF1FBB11C8003D4CEF /* Posts */,
				C02651FD1FBB118C003D4CEF /* TextInput */,
			);
			path = Modules;
			sourceTree = "<group>";
		};
		C02651FF1FBB11C8003D4CEF /* Posts */ = {
			isa = PBXGroup;
			children = (
				C02651FC1FBB116C003D4CEF /* Service */,
			);
			path = Posts;
			sourceTree = "<group>";
		};
		C0B9EC781FBB15C5001168D5 /* ObjcTextInputTests */ = {
			isa = PBXGroup;
			children = (
				C0B9EC791FBB15C5001168D5 /* ObjcTextInputTests.swift */,
				C0B9EC7B1FBB15C5001168D5 /* Info.plist */,
			);
			path = ObjcTextInputTests;
			sourceTree = "<group>";
		};
/* End PBXGroup section */

/* Begin PBXNativeTarget section */
		C01701731FB45F1200F41277 /* ObjcTextInput */ = {
			isa = PBXNativeTarget;
			buildConfigurationList = C01701861FB45F1200F41277 /* Build configuration list for PBXNativeTarget "ObjcTextInput" */;
			buildPhases = (
				7EF6755007FAD754C303C371 /* [CP] Check Pods Manifest.lock */,
				C01701701FB45F1200F41277 /* Sources */,
				C01701711FB45F1200F41277 /* Frameworks */,
				C01701721FB45F1200F41277 /* Resources */,
				E805F51482389CE90EBA4B60 /* [CP] Embed Pods Frameworks */,
				F3D170965CD1B1CB75A47CA1 /* [CP] Copy Pods Resources */,
			);
			buildRules = (
			);
			dependencies = (
			);
			name = ObjcTextInput;
			productName = ObjcTextInput;
			productReference = C01701741FB45F1200F41277 /* ObjcTextInput.app */;
			productType = "com.apple.product-type.application";
		};
		C0B9EC761FBB15C5001168D5 /* ObjcTextInputTests */ = {
			isa = PBXNativeTarget;
			buildConfigurationList = C0B9EC7E1FBB15C5001168D5 /* Build configuration list for PBXNativeTarget "ObjcTextInputTests" */;
			buildPhases = (
				EAC9024B9D7CE9B26F4C4D63 /* [CP] Check Pods Manifest.lock */,
				C0B9EC731FBB15C5001168D5 /* Sources */,
				C0B9EC741FBB15C5001168D5 /* Frameworks */,
				C0B9EC751FBB15C5001168D5 /* Resources */,
				64955FEE6D41011779F2F6EF /* [CP] Embed Pods Frameworks */,
				DACFCE11794C03C70BFA4AC6 /* [CP] Copy Pods Resources */,
			);
			buildRules = (
			);
			dependencies = (
				C0B9EC7D1FBB15C5001168D5 /* PBXTargetDependency */,
			);
			name = ObjcTextInputTests;
			productName = ObjcTextInputTests;
			productReference = C0B9EC771FBB15C5001168D5 /* ObjcTextInputTests.xctest */;
			productType = "com.apple.product-type.bundle.unit-test";
		};
/* End PBXNativeTarget section */

/* Begin PBXProject section */
		C017016C1FB45F1200F41277 /* Project object */ = {
			isa = PBXProject;
			attributes = {
				LastSwiftUpdateCheck = 0910;
				LastUpgradeCheck = 0910;
				ORGANIZATIONNAME = iCapps;
				TargetAttributes = {
					C01701731FB45F1200F41277 = {
						CreatedOnToolsVersion = 9.1;
						LastSwiftMigration = 0910;
						ProvisioningStyle = Automatic;
					};
					C0B9EC761FBB15C5001168D5 = {
						CreatedOnToolsVersion = 9.1;
						ProvisioningStyle = Automatic;
						TestTargetID = C01701731FB45F1200F41277;
					};
				};
			};
			buildConfigurationList = C017016F1FB45F1200F41277 /* Build configuration list for PBXProject "ObjcTextInput" */;
			compatibilityVersion = "Xcode 8.0";
			developmentRegion = en;
			hasScannedForEncodings = 0;
			knownRegions = (
				en,
				Base,
			);
			mainGroup = C017016B1FB45F1200F41277;
			productRefGroup = C01701751FB45F1200F41277 /* Products */;
			projectDirPath = "";
			projectRoot = "";
			targets = (
				C01701731FB45F1200F41277 /* ObjcTextInput */,
				C0B9EC761FBB15C5001168D5 /* ObjcTextInputTests */,
			);
		};
/* End PBXProject section */

/* Begin PBXResourcesBuildPhase section */
		C01701721FB45F1200F41277 /* Resources */ = {
			isa = PBXResourcesBuildPhase;
			buildActionMask = 2147483647;
			files = (
				33F484E61FB464EB0043E06E /* TextField.storyboard in Resources */,
				C01701821FB45F1200F41277 /* LaunchScreen.storyboard in Resources */,
				C017017F1FB45F1200F41277 /* Assets.xcassets in Resources */,
				C017017D1FB45F1200F41277 /* Main.storyboard in Resources */,
			);
			runOnlyForDeploymentPostprocessing = 0;
		};
		C0B9EC751FBB15C5001168D5 /* Resources */ = {
			isa = PBXResourcesBuildPhase;
			buildActionMask = 2147483647;
			files = (
			);
			runOnlyForDeploymentPostprocessing = 0;
		};
/* End PBXResourcesBuildPhase section */

/* Begin PBXShellScriptBuildPhase section */
		64955FEE6D41011779F2F6EF /* [CP] Embed Pods Frameworks */ = {
			isa = PBXShellScriptBuildPhase;
			buildActionMask = 2147483647;
			files = (
			);
			inputPaths = (
				"${SRCROOT}/Pods/Target Support Files/Pods-ObjcTextInput-ObjcTextInputTests/Pods-ObjcTextInput-ObjcTextInputTests-frameworks.sh",
				"${BUILT_PRODUCTS_DIR}/Faro/Faro.framework",
			);
			name = "[CP] Embed Pods Frameworks";
			outputPaths = (
				"${TARGET_BUILD_DIR}/${FRAMEWORKS_FOLDER_PATH}/Faro.framework",
			);
			runOnlyForDeploymentPostprocessing = 0;
			shellPath = /bin/sh;
			shellScript = "\"${SRCROOT}/Pods/Target Support Files/Pods-ObjcTextInput-ObjcTextInputTests/Pods-ObjcTextInput-ObjcTextInputTests-frameworks.sh\"\n";
			showEnvVarsInLog = 0;
		};
		7EF6755007FAD754C303C371 /* [CP] Check Pods Manifest.lock */ = {
			isa = PBXShellScriptBuildPhase;
			buildActionMask = 2147483647;
			files = (
			);
			inputPaths = (
				"${PODS_PODFILE_DIR_PATH}/Podfile.lock",
				"${PODS_ROOT}/Manifest.lock",
			);
			name = "[CP] Check Pods Manifest.lock";
			outputPaths = (
				"$(DERIVED_FILE_DIR)/Pods-ObjcTextInput-checkManifestLockResult.txt",
			);
			runOnlyForDeploymentPostprocessing = 0;
			shellPath = /bin/sh;
			shellScript = "diff \"${PODS_PODFILE_DIR_PATH}/Podfile.lock\" \"${PODS_ROOT}/Manifest.lock\" > /dev/null\nif [ $? != 0 ] ; then\n    # print error to STDERR\n    echo \"error: The sandbox is not in sync with the Podfile.lock. Run 'pod install' or update your CocoaPods installation.\" >&2\n    exit 1\nfi\n# This output is used by Xcode 'outputs' to avoid re-running this script phase.\necho \"SUCCESS\" > \"${SCRIPT_OUTPUT_FILE_0}\"\n";
			showEnvVarsInLog = 0;
		};
		DACFCE11794C03C70BFA4AC6 /* [CP] Copy Pods Resources */ = {
			isa = PBXShellScriptBuildPhase;
			buildActionMask = 2147483647;
			files = (
			);
			inputPaths = (
			);
			name = "[CP] Copy Pods Resources";
			outputPaths = (
			);
			runOnlyForDeploymentPostprocessing = 0;
			shellPath = /bin/sh;
			shellScript = "\"${SRCROOT}/Pods/Target Support Files/Pods-ObjcTextInput-ObjcTextInputTests/Pods-ObjcTextInput-ObjcTextInputTests-resources.sh\"\n";
			showEnvVarsInLog = 0;
		};
		E805F51482389CE90EBA4B60 /* [CP] Embed Pods Frameworks */ = {
			isa = PBXShellScriptBuildPhase;
			buildActionMask = 2147483647;
			files = (
			);
			inputPaths = (
				"${SRCROOT}/Pods/Target Support Files/Pods-ObjcTextInput/Pods-ObjcTextInput-frameworks.sh",
				"${BUILT_PRODUCTS_DIR}/Faro/Faro.framework",
			);
			name = "[CP] Embed Pods Frameworks";
			outputPaths = (
				"${TARGET_BUILD_DIR}/${FRAMEWORKS_FOLDER_PATH}/Faro.framework",
			);
			runOnlyForDeploymentPostprocessing = 0;
			shellPath = /bin/sh;
			shellScript = "\"${SRCROOT}/Pods/Target Support Files/Pods-ObjcTextInput/Pods-ObjcTextInput-frameworks.sh\"\n";
			showEnvVarsInLog = 0;
		};
		EAC9024B9D7CE9B26F4C4D63 /* [CP] Check Pods Manifest.lock */ = {
			isa = PBXShellScriptBuildPhase;
			buildActionMask = 2147483647;
			files = (
			);
			inputPaths = (
				"${PODS_PODFILE_DIR_PATH}/Podfile.lock",
				"${PODS_ROOT}/Manifest.lock",
			);
			name = "[CP] Check Pods Manifest.lock";
			outputPaths = (
				"$(DERIVED_FILE_DIR)/Pods-ObjcTextInput-ObjcTextInputTests-checkManifestLockResult.txt",
			);
			runOnlyForDeploymentPostprocessing = 0;
			shellPath = /bin/sh;
			shellScript = "diff \"${PODS_PODFILE_DIR_PATH}/Podfile.lock\" \"${PODS_ROOT}/Manifest.lock\" > /dev/null\nif [ $? != 0 ] ; then\n    # print error to STDERR\n    echo \"error: The sandbox is not in sync with the Podfile.lock. Run 'pod install' or update your CocoaPods installation.\" >&2\n    exit 1\nfi\n# This output is used by Xcode 'outputs' to avoid re-running this script phase.\necho \"SUCCESS\" > \"${SCRIPT_OUTPUT_FILE_0}\"\n";
			showEnvVarsInLog = 0;
		};
		F3D170965CD1B1CB75A47CA1 /* [CP] Copy Pods Resources */ = {
			isa = PBXShellScriptBuildPhase;
			buildActionMask = 2147483647;
			files = (
			);
			inputPaths = (
			);
			name = "[CP] Copy Pods Resources";
			outputPaths = (
			);
			runOnlyForDeploymentPostprocessing = 0;
			shellPath = /bin/sh;
			shellScript = "\"${SRCROOT}/Pods/Target Support Files/Pods-ObjcTextInput/Pods-ObjcTextInput-resources.sh\"\n";
			showEnvVarsInLog = 0;
		};
/* End PBXShellScriptBuildPhase section */

/* Begin PBXSourcesBuildPhase section */
		C01701701FB45F1200F41277 /* Sources */ = {
			isa = PBXSourcesBuildPhase;
			buildActionMask = 2147483647;
			files = (
				33F484E41FB462110043E06E /* TIIUIViewController.m in Sources */,
				33B82B121FBD824A00990C06 /* TIIDragAndDropTableViewController.m in Sources */,
				C02651FB1FBB08B1003D4CEF /* PostService.swift in Sources */,
				C01701781FB45F1200F41277 /* AppDelegate.swift in Sources */,
				33F484E91FB467A10043E06E /* TIITextFieldViewController.m in Sources */,
				33C0F16A1FC2C1B30093DEA8 /* TIICustomSegue.m in Sources */,
				33A99F071FB9F8CF009A0B3A /* TIISlideInCollectionViewLayout.swift in Sources */,
				C02652011FBB1415003D4CEF /* Post.swift in Sources */,
				33C0F1661FBDE9740093DEA8 /* TIITransitionManager.swift in Sources */,
				33674CBA1FB5B17B0055AB23 /* TIILabelCollectionViewCell.m in Sources */,
			);
			runOnlyForDeploymentPostprocessing = 0;
		};
		C0B9EC731FBB15C5001168D5 /* Sources */ = {
			isa = PBXSourcesBuildPhase;
			buildActionMask = 2147483647;
			files = (
				C0B9EC7A1FBB15C5001168D5 /* ObjcTextInputTests.swift in Sources */,
				C0B9EC811FBB15CE001168D5 /* PostTests.swift in Sources */,
			);
			runOnlyForDeploymentPostprocessing = 0;
		};
/* End PBXSourcesBuildPhase section */

/* Begin PBXTargetDependency section */
		C0B9EC7D1FBB15C5001168D5 /* PBXTargetDependency */ = {
			isa = PBXTargetDependency;
			target = C01701731FB45F1200F41277 /* ObjcTextInput */;
			targetProxy = C0B9EC7C1FBB15C5001168D5 /* PBXContainerItemProxy */;
		};
/* End PBXTargetDependency section */

/* Begin PBXVariantGroup section */
		C017017B1FB45F1200F41277 /* Main.storyboard */ = {
			isa = PBXVariantGroup;
			children = (
				C017017C1FB45F1200F41277 /* Base */,
			);
			name = Main.storyboard;
			sourceTree = "<group>";
		};
		C01701801FB45F1200F41277 /* LaunchScreen.storyboard */ = {
			isa = PBXVariantGroup;
			children = (
				C01701811FB45F1200F41277 /* Base */,
			);
			name = LaunchScreen.storyboard;
			sourceTree = "<group>";
		};
/* End PBXVariantGroup section */

/* Begin XCBuildConfiguration section */
		C01701841FB45F1200F41277 /* Debug */ = {
			isa = XCBuildConfiguration;
			buildSettings = {
				ALWAYS_SEARCH_USER_PATHS = NO;
				CLANG_ANALYZER_NONNULL = YES;
				CLANG_ANALYZER_NUMBER_OBJECT_CONVERSION = YES_AGGRESSIVE;
				CLANG_CXX_LANGUAGE_STANDARD = "gnu++14";
				CLANG_CXX_LIBRARY = "libc++";
				CLANG_ENABLE_MODULES = YES;
				CLANG_ENABLE_OBJC_ARC = YES;
				CLANG_WARN_BLOCK_CAPTURE_AUTORELEASING = YES;
				CLANG_WARN_BOOL_CONVERSION = YES;
				CLANG_WARN_COMMA = YES;
				CLANG_WARN_CONSTANT_CONVERSION = YES;
				CLANG_WARN_DIRECT_OBJC_ISA_USAGE = YES_ERROR;
				CLANG_WARN_DOCUMENTATION_COMMENTS = YES;
				CLANG_WARN_EMPTY_BODY = YES;
				CLANG_WARN_ENUM_CONVERSION = YES;
				CLANG_WARN_INFINITE_RECURSION = YES;
				CLANG_WARN_INT_CONVERSION = YES;
				CLANG_WARN_NON_LITERAL_NULL_CONVERSION = YES;
				CLANG_WARN_OBJC_LITERAL_CONVERSION = YES;
				CLANG_WARN_OBJC_ROOT_CLASS = YES_ERROR;
				CLANG_WARN_RANGE_LOOP_ANALYSIS = YES;
				CLANG_WARN_STRICT_PROTOTYPES = YES;
				CLANG_WARN_SUSPICIOUS_MOVE = YES;
				CLANG_WARN_UNGUARDED_AVAILABILITY = YES_AGGRESSIVE;
				CLANG_WARN_UNREACHABLE_CODE = YES;
				CLANG_WARN__DUPLICATE_METHOD_MATCH = YES;
				CODE_SIGN_IDENTITY = "iPhone Developer";
				COPY_PHASE_STRIP = NO;
				DEBUG_INFORMATION_FORMAT = dwarf;
				ENABLE_STRICT_OBJC_MSGSEND = YES;
				ENABLE_TESTABILITY = YES;
				GCC_C_LANGUAGE_STANDARD = gnu11;
				GCC_DYNAMIC_NO_PIC = NO;
				GCC_NO_COMMON_BLOCKS = YES;
				GCC_OPTIMIZATION_LEVEL = 0;
				GCC_PREPROCESSOR_DEFINITIONS = (
					"DEBUG=1",
					"$(inherited)",
				);
				GCC_WARN_64_TO_32_BIT_CONVERSION = YES;
				GCC_WARN_ABOUT_RETURN_TYPE = YES_ERROR;
				GCC_WARN_UNDECLARED_SELECTOR = YES;
				GCC_WARN_UNINITIALIZED_AUTOS = YES_AGGRESSIVE;
				GCC_WARN_UNUSED_FUNCTION = YES;
				GCC_WARN_UNUSED_VARIABLE = YES;
				IPHONEOS_DEPLOYMENT_TARGET = 11.1;
				MTL_ENABLE_DEBUG_INFO = YES;
				ONLY_ACTIVE_ARCH = YES;
				SDKROOT = iphoneos;
				SWIFT_ACTIVE_COMPILATION_CONDITIONS = DEBUG;
				SWIFT_OPTIMIZATION_LEVEL = "-Onone";
			};
			name = Debug;
		};
		C01701851FB45F1200F41277 /* Release */ = {
			isa = XCBuildConfiguration;
			buildSettings = {
				ALWAYS_SEARCH_USER_PATHS = NO;
				CLANG_ANALYZER_NONNULL = YES;
				CLANG_ANALYZER_NUMBER_OBJECT_CONVERSION = YES_AGGRESSIVE;
				CLANG_CXX_LANGUAGE_STANDARD = "gnu++14";
				CLANG_CXX_LIBRARY = "libc++";
				CLANG_ENABLE_MODULES = YES;
				CLANG_ENABLE_OBJC_ARC = YES;
				CLANG_WARN_BLOCK_CAPTURE_AUTORELEASING = YES;
				CLANG_WARN_BOOL_CONVERSION = YES;
				CLANG_WARN_COMMA = YES;
				CLANG_WARN_CONSTANT_CONVERSION = YES;
				CLANG_WARN_DIRECT_OBJC_ISA_USAGE = YES_ERROR;
				CLANG_WARN_DOCUMENTATION_COMMENTS = YES;
				CLANG_WARN_EMPTY_BODY = YES;
				CLANG_WARN_ENUM_CONVERSION = YES;
				CLANG_WARN_INFINITE_RECURSION = YES;
				CLANG_WARN_INT_CONVERSION = YES;
				CLANG_WARN_NON_LITERAL_NULL_CONVERSION = YES;
				CLANG_WARN_OBJC_LITERAL_CONVERSION = YES;
				CLANG_WARN_OBJC_ROOT_CLASS = YES_ERROR;
				CLANG_WARN_RANGE_LOOP_ANALYSIS = YES;
				CLANG_WARN_STRICT_PROTOTYPES = YES;
				CLANG_WARN_SUSPICIOUS_MOVE = YES;
				CLANG_WARN_UNGUARDED_AVAILABILITY = YES_AGGRESSIVE;
				CLANG_WARN_UNREACHABLE_CODE = YES;
				CLANG_WARN__DUPLICATE_METHOD_MATCH = YES;
				CODE_SIGN_IDENTITY = "iPhone Developer";
				COPY_PHASE_STRIP = NO;
				DEBUG_INFORMATION_FORMAT = "dwarf-with-dsym";
				ENABLE_NS_ASSERTIONS = NO;
				ENABLE_STRICT_OBJC_MSGSEND = YES;
				GCC_C_LANGUAGE_STANDARD = gnu11;
				GCC_NO_COMMON_BLOCKS = YES;
				GCC_WARN_64_TO_32_BIT_CONVERSION = YES;
				GCC_WARN_ABOUT_RETURN_TYPE = YES_ERROR;
				GCC_WARN_UNDECLARED_SELECTOR = YES;
				GCC_WARN_UNINITIALIZED_AUTOS = YES_AGGRESSIVE;
				GCC_WARN_UNUSED_FUNCTION = YES;
				GCC_WARN_UNUSED_VARIABLE = YES;
				IPHONEOS_DEPLOYMENT_TARGET = 11.1;
				MTL_ENABLE_DEBUG_INFO = NO;
				SDKROOT = iphoneos;
				SWIFT_OPTIMIZATION_LEVEL = "-Owholemodule";
				VALIDATE_PRODUCT = YES;
			};
			name = Release;
		};
		C01701871FB45F1200F41277 /* Debug */ = {
			isa = XCBuildConfiguration;
			baseConfigurationReference = 268001BFD457FBD3278559BA /* Pods-ObjcTextInput.debug.xcconfig */;
			buildSettings = {
				ASSETCATALOG_COMPILER_APPICON_NAME = AppIcon;
				CLANG_ENABLE_MODULES = YES;
				CODE_SIGN_STYLE = Automatic;
				INFOPLIST_FILE = ObjcTextInput/Info.plist;
				LD_RUNPATH_SEARCH_PATHS = "$(inherited) @executable_path/Frameworks";
				PRODUCT_BUNDLE_IDENTIFIER = com.icapps.ObjcTextInput;
				PRODUCT_NAME = "$(TARGET_NAME)";
				SWIFT_OBJC_BRIDGING_HEADER = "ObjcTextInput/ObjcTextInput-Bridging-Header.h";
				SWIFT_OPTIMIZATION_LEVEL = "-Onone";
				SWIFT_VERSION = 4.0;
				TARGETED_DEVICE_FAMILY = "1,2";
			};
			name = Debug;
		};
		C01701881FB45F1200F41277 /* Release */ = {
			isa = XCBuildConfiguration;
			baseConfigurationReference = CBD4A5EA0EE58D68AB0E86D0 /* Pods-ObjcTextInput.release.xcconfig */;
			buildSettings = {
				ASSETCATALOG_COMPILER_APPICON_NAME = AppIcon;
				CLANG_ENABLE_MODULES = YES;
				CODE_SIGN_STYLE = Automatic;
				INFOPLIST_FILE = ObjcTextInput/Info.plist;
				LD_RUNPATH_SEARCH_PATHS = "$(inherited) @executable_path/Frameworks";
				PRODUCT_BUNDLE_IDENTIFIER = com.icapps.ObjcTextInput;
				PRODUCT_NAME = "$(TARGET_NAME)";
				SWIFT_OBJC_BRIDGING_HEADER = "ObjcTextInput/ObjcTextInput-Bridging-Header.h";
				SWIFT_VERSION = 4.0;
				TARGETED_DEVICE_FAMILY = "1,2";
			};
			name = Release;
		};
		C0B9EC7F1FBB15C5001168D5 /* Debug */ = {
			isa = XCBuildConfiguration;
			baseConfigurationReference = 83CD46171D8919E18EC523E5 /* Pods-ObjcTextInput-ObjcTextInputTests.debug.xcconfig */;
			buildSettings = {
				BUNDLE_LOADER = "$(TEST_HOST)";
				CODE_SIGN_STYLE = Automatic;
				DEVELOPMENT_TEAM = NE8H673N63;
				INFOPLIST_FILE = ObjcTextInputTests/Info.plist;
				LD_RUNPATH_SEARCH_PATHS = "$(inherited) @executable_path/Frameworks @loader_path/Frameworks";
				PRODUCT_BUNDLE_IDENTIFIER = com.icapps.ObjcTextInputTests;
				PRODUCT_NAME = "$(TARGET_NAME)";
				SWIFT_VERSION = 4.0;
				TARGETED_DEVICE_FAMILY = "1,2";
				TEST_HOST = "$(BUILT_PRODUCTS_DIR)/ObjcTextInput.app/ObjcTextInput";
			};
			name = Debug;
		};
		C0B9EC801FBB15C5001168D5 /* Release */ = {
			isa = XCBuildConfiguration;
			baseConfigurationReference = 0A2B026F0EA2D8A7283938FB /* Pods-ObjcTextInput-ObjcTextInputTests.release.xcconfig */;
			buildSettings = {
				BUNDLE_LOADER = "$(TEST_HOST)";
				CODE_SIGN_STYLE = Automatic;
				DEVELOPMENT_TEAM = NE8H673N63;
				INFOPLIST_FILE = ObjcTextInputTests/Info.plist;
				LD_RUNPATH_SEARCH_PATHS = "$(inherited) @executable_path/Frameworks @loader_path/Frameworks";
				PRODUCT_BUNDLE_IDENTIFIER = com.icapps.ObjcTextInputTests;
				PRODUCT_NAME = "$(TARGET_NAME)";
				SWIFT_VERSION = 4.0;
				TARGETED_DEVICE_FAMILY = "1,2";
				TEST_HOST = "$(BUILT_PRODUCTS_DIR)/ObjcTextInput.app/ObjcTextInput";
			};
			name = Release;
		};
/* End XCBuildConfiguration section */

/* Begin XCConfigurationList section */
		C017016F1FB45F1200F41277 /* Build configuration list for PBXProject "ObjcTextInput" */ = {
			isa = XCConfigurationList;
			buildConfigurations = (
				C01701841FB45F1200F41277 /* Debug */,
				C01701851FB45F1200F41277 /* Release */,
			);
			defaultConfigurationIsVisible = 0;
			defaultConfigurationName = Release;
		};
		C01701861FB45F1200F41277 /* Build configuration list for PBXNativeTarget "ObjcTextInput" */ = {
			isa = XCConfigurationList;
			buildConfigurations = (
				C01701871FB45F1200F41277 /* Debug */,
				C01701881FB45F1200F41277 /* Release */,
			);
			defaultConfigurationIsVisible = 0;
			defaultConfigurationName = Release;
		};
		C0B9EC7E1FBB15C5001168D5 /* Build configuration list for PBXNativeTarget "ObjcTextInputTests" */ = {
			isa = XCConfigurationList;
			buildConfigurations = (
				C0B9EC7F1FBB15C5001168D5 /* Debug */,
				C0B9EC801FBB15C5001168D5 /* Release */,
			);
			defaultConfigurationIsVisible = 0;
			defaultConfigurationName = Release;
		};
/* End XCConfigurationList section */
	};
	rootObject = C017016C1FB45F1200F41277 /* Project object */;
}
